// !$*UTF8*$!
{
	archiveVersion = 1;
	classes = {
	};
	objectVersion = 77;
	objects = {

/* Begin PBXBuildFile section */
		71A5AB33B8615E0193BED562 /* VacuaApp.swift in Sources */ = {isa = PBXBuildFile; fileRef = ED4CEC551813516F968C3B0E /* VacuaApp.swift */; };
		20967556300A5D0F8D33F29F /* AppModel.swift in Sources */ = {isa = PBXBuildFile; fileRef = F35E57C5AE775052A9A69066 /* AppModel.swift */; };
		AE02DDA488265C34A6A183E9 /* VacuaTheme.swift in Sources */ = {isa = PBXBuildFile; fileRef = 4BA303D3F9D65A2D9C4C11AD /* VacuaTheme.swift */; };
		0C94F705BDA452A4908FD383 /* VacuaSymbols.swift in Sources */ = {isa = PBXBuildFile; fileRef = 5B89961FBE505CF5B4E1EEDE /* VacuaSymbols.swift */; };
		F83F7633FAFD5A40A33D6185 /* Metrics.swift in Sources */ = {isa = PBXBuildFile; fileRef = 6E5A1988D5FC560783FF400F /* Metrics.swift */; };
		7BC5D587FE6F53508D043971 /* Badges.swift in Sources */ = {isa = PBXBuildFile; fileRef = 0907A6C97FBA5C2CAF980761 /* Badges.swift */; };
		7AC2AF445C895389A5B7A99C /* StatusViews.swift in Sources */ = {isa = PBXBuildFile; fileRef = F49784C77DEF57438F483B34 /* StatusViews.swift */; };
		4D4511B3BA7A5708AE4E4AAF /* EmptyState.swift in Sources */ = {isa = PBXBuildFile; fileRef = 3BF05D6A0D58585B8E9B8C65 /* EmptyState.swift */; };
		FF87D11C264B5CCFA9E4F60E /* ErrorState.swift in Sources */ = {isa = PBXBuildFile; fileRef = DEAD2664A04B507A89A02036 /* ErrorState.swift */; };
		7E1181C64D4B52D2815F4741 /* OverviewView.swift in Sources */ = {isa = PBXBuildFile; fileRef = E0E1B9027CDF5D93ADA38DA0 /* OverviewView.swift */; };
		538C5B70D50752D6B0FB8E71 /* CandidatesView.swift in Sources */ = {isa = PBXBuildFile; fileRef = E4F0DB56B86352948EB2DBFA /* CandidatesView.swift */; };
		244CC271F6ED561CBA8CA236 /* CandidateDetailView.swift in Sources */ = {isa = PBXBuildFile; fileRef = 1AC439D7DDB75ED89C40C592 /* CandidateDetailView.swift */; };
		F501B22C985950179A52BA91 /* CleanupSimulationSheet.swift in Sources */ = {isa = PBXBuildFile; fileRef = BC9DC3CD3F7350989A107719 /* CleanupSimulationSheet.swift */; };
		63BB07959039505D964295BE /* CleanupProposalSheet.swift in Sources */ = {isa = PBXBuildFile; fileRef = 80EB1D59C9AC59829A8D140C /* CleanupProposalSheet.swift */; };
		3983DA50456D5BF7B4AC8974 /* DuplicatesView.swift in Sources */ = {isa = PBXBuildFile; fileRef = 1B18DF1AAEFE5E9BA3E76058 /* DuplicatesView.swift */; };
		2CEA3521A7135AF5A099708C /* ApplicationsView.swift in Sources */ = {isa = PBXBuildFile; fileRef = 071B7A2EF6615B5C9DB2597E /* ApplicationsView.swift */; };
		44E19910F8EF5BB49462E145 /* DeveloperArtifactsModel.swift in Sources */ = {isa = PBXBuildFile; fileRef = BD27B868BD665EF8A7F703BE /* DeveloperArtifactsModel.swift */; };
		1E5FF0226521503A95499807 /* DeveloperArtifactsView.swift in Sources */ = {isa = PBXBuildFile; fileRef = 7B322395BD125ADB882DB506 /* DeveloperArtifactsView.swift */; };
		2F3518603A055BEF9FB6E123 /* SnapshotsView.swift in Sources */ = {isa = PBXBuildFile; fileRef = 4CFB08907C635B41902D4BC6 /* SnapshotsView.swift */; };
		C14077C6DFBE5B82AF43B6BF /* SettingsView.swift in Sources */ = {isa = PBXBuildFile; fileRef = F83DEB4AA6E85E3E8304C00A /* SettingsView.swift */; };
		A9B5B4E9887F57B0A591DDAC /* StorageMapModel.swift in Sources */ = {isa = PBXBuildFile; fileRef = 8A1343FF4ADE5870832F92D1 /* StorageMapModel.swift */; };
		2DCFE9A860035D7AA614F640 /* StorageMapToolbar.swift in Sources */ = {isa = PBXBuildFile; fileRef = 8E931503979E57E8A47C34DB /* StorageMapToolbar.swift */; };
		533A1F57F3725CEDAED28386 /* StorageMapView.swift in Sources */ = {isa = PBXBuildFile; fileRef = 54FA5C23075359CCB7E7ED80 /* StorageMapView.swift */; };
		67A9034BDC8C5EC29A959E54 /* StorageNodeInspector.swift in Sources */ = {isa = PBXBuildFile; fileRef = 7E1322C504E15CA6BEE1973B /* StorageNodeInspector.swift */; };
		D44E2823E60858E1A38E1B0E /* TreemapLayout.swift in Sources */ = {isa = PBXBuildFile; fileRef = C4CC3C2A483D5478AA33F4DE /* TreemapLayout.swift */; };
		5035D56CB3995095BA9A321A /* TreemapView.swift in Sources */ = {isa = PBXBuildFile; fileRef = C95665D1059E547680E2976C /* TreemapView.swift */; };
		D5C3BF4A34B6513C9EFDFC2E /* AppModelTests.swift in Sources */ = {isa = PBXBuildFile; fileRef = CD2CD225EB0E545CA502C7EB /* AppModelTests.swift */; };
		D99CD67DC7C75CCE86C74EF2 /* TreemapLayoutTests.swift in Sources */ = {isa = PBXBuildFile; fileRef = 08F541C7B4045B2B9A2D39AD /* TreemapLayoutTests.swift */; };
		82DF5095E8D65AB9A8A6BD38 /* VacuaUITests.swift in Sources */ = {isa = PBXBuildFile; fileRef = 1DB12AD16F2B5B51A7DCE863 /* VacuaUITests.swift */; };
		126BEC822FDA5320B993DF7D /* VacuaClient in Frameworks */ = {isa = PBXBuildFile; productRef = EFD30881EFE95F34B05836E1 /* VacuaClient */; };
		411B3E7E00B7553F9FF2BAB9 /* VacuaClient in Frameworks */ = {isa = PBXBuildFile; productRef = 220B2073E0AD5399B87A1A3B /* VacuaClient */; };
		F6C0D2F107B75B4E949DA196 /* Assets.xcassets in Resources */ = {isa = PBXBuildFile; fileRef = E326A438F23C56AA9CF167D9 /* Assets.xcassets */; };
		5708B83EE8915ECA90CF72D0 /* Localizable.xcstrings in Resources */ = {isa = PBXBuildFile; fileRef = 06105B9031865DEC8BB4ADBC /* Localizable.xcstrings */; };
/* End PBXBuildFile section */

/* Begin PBXContainerItemProxy section */
		D3F59801A07C5A91B2DFD839 /* PBXContainerItemProxy */ = {
			isa = PBXContainerItemProxy;
			containerPortal = 1BEF87C75F3D5414B36748FA /* Project object */;
			proxyType = 1;
			remoteGlobalIDString = 4D87EAC90B4755D8812D31C5;
			remoteInfo = Vacua;
		};
		A4E2C3AA8C255F15A5091E53 /* PBXContainerItemProxy */ = {
			isa = PBXContainerItemProxy;
			containerPortal = 1BEF87C75F3D5414B36748FA /* Project object */;
			proxyType = 1;
			remoteGlobalIDString = 4D87EAC90B4755D8812D31C5;
			remoteInfo = Vacua;
		};
/* End PBXContainerItemProxy section */

/* Begin PBXTargetDependency section */
		B265CB9B2CD95FDDB7ABB2BF /* PBXTargetDependency */ = {
			isa = PBXTargetDependency;
			target = 4D87EAC90B4755D8812D31C5 /* Vacua */;
			targetProxy = D3F59801A07C5A91B2DFD839 /* PBXContainerItemProxy */;
		};
		CA26EC433D4150DA805A926F /* PBXTargetDependency */ = {
			isa = PBXTargetDependency;
			target = 4D87EAC90B4755D8812D31C5 /* Vacua */;
			targetProxy = A4E2C3AA8C255F15A5091E53 /* PBXContainerItemProxy */;
		};
/* End PBXTargetDependency section */

/* Begin PBXFileReference section */
		70F7978BD6065F4387533DCC /* Vacua.app */ = {isa = PBXFileReference; explicitFileType = wrapper.application; includeInIndex = 0; path = Vacua.app; sourceTree = BUILT_PRODUCTS_DIR; };
		4CCC1D1BCEC051AC84E88001 /* VacuaTests.xctest */ = {isa = PBXFileReference; explicitFileType = wrapper.cfbundle; includeInIndex = 0; path = VacuaTests.xctest; sourceTree = BUILT_PRODUCTS_DIR; };
		E9757383865F5D6AAAF55C58 /* VacuaUITests.xctest */ = {isa = PBXFileReference; explicitFileType = wrapper.cfbundle; includeInIndex = 0; path = VacuaUITests.xctest; sourceTree = BUILT_PRODUCTS_DIR; };
		FAA2B58F07E4510CBE67DA30 /* Info.plist */ = {isa = PBXFileReference; lastKnownFileType = text.plist.xml; path = "Vacua/Resources/Info.plist"; sourceTree = "<group>"; };
		E326A438F23C56AA9CF167D9 /* Assets.xcassets */ = {isa = PBXFileReference; lastKnownFileType = folder.assetcatalog; path = "Vacua/Resources/Assets.xcassets"; sourceTree = "<group>"; };
		06105B9031865DEC8BB4ADBC /* Localizable.xcstrings */ = {isa = PBXFileReference; lastKnownFileType = text.json.xcstrings; path = "Vacua/Resources/Localizable.xcstrings"; sourceTree = "<group>"; };
		ED4CEC551813516F968C3B0E /* VacuaApp.swift */ = {isa = PBXFileReference; lastKnownFileType = sourcecode.swift; path = "Vacua/App/VacuaApp.swift"; sourceTree = "<group>"; };
		F35E57C5AE775052A9A69066 /* AppModel.swift */ = {isa = PBXFileReference; lastKnownFileType = sourcecode.swift; path = "Vacua/App/AppModel.swift"; sourceTree = "<group>"; };
		4BA303D3F9D65A2D9C4C11AD /* VacuaTheme.swift */ = {isa = PBXFileReference; lastKnownFileType = sourcecode.swift; path = "Vacua/Common/DesignSystem/VacuaTheme.swift"; sourceTree = "<group>"; };
		5B89961FBE505CF5B4E1EEDE /* VacuaSymbols.swift */ = {isa = PBXFileReference; lastKnownFileType = sourcecode.swift; path = "Vacua/Common/DesignSystem/VacuaSymbols.swift"; sourceTree = "<group>"; };
		6E5A1988D5FC560783FF400F /* Metrics.swift */ = {isa = PBXFileReference; lastKnownFileType = sourcecode.swift; path = "Vacua/Common/DesignSystem/Metrics.swift"; sourceTree = "<group>"; };
		0907A6C97FBA5C2CAF980761 /* Badges.swift */ = {isa = PBXFileReference; lastKnownFileType = sourcecode.swift; path = "Vacua/Common/DesignSystem/Badges.swift"; sourceTree = "<group>"; };
		F49784C77DEF57438F483B34 /* StatusViews.swift */ = {isa = PBXFileReference; lastKnownFileType = sourcecode.swift; path = "Vacua/Common/DesignSystem/StatusViews.swift"; sourceTree = "<group>"; };
		3BF05D6A0D58585B8E9B8C65 /* EmptyState.swift */ = {isa = PBXFileReference; lastKnownFileType = sourcecode.swift; path = "Vacua/Common/DesignSystem/EmptyState.swift"; sourceTree = "<group>"; };
		DEAD2664A04B507A89A02036 /* ErrorState.swift */ = {isa = PBXFileReference; lastKnownFileType = sourcecode.swift; path = "Vacua/Common/DesignSystem/ErrorState.swift"; sourceTree = "<group>"; };
		E0E1B9027CDF5D93ADA38DA0 /* OverviewView.swift */ = {isa = PBXFileReference; lastKnownFileType = sourcecode.swift; path = "Vacua/Features/Overview/OverviewView.swift"; sourceTree = "<group>"; };
		E4F0DB56B86352948EB2DBFA /* CandidatesView.swift */ = {isa = PBXFileReference; lastKnownFileType = sourcecode.swift; path = "Vacua/Features/Candidates/CandidatesView.swift"; sourceTree = "<group>"; };
		1AC439D7DDB75ED89C40C592 /* CandidateDetailView.swift */ = {isa = PBXFileReference; lastKnownFileType = sourcecode.swift; path = "Vacua/Features/Candidates/CandidateDetailView.swift"; sourceTree = "<group>"; };
		BC9DC3CD3F7350989A107719 /* CleanupSimulationSheet.swift */ = {isa = PBXFileReference; lastKnownFileType = sourcecode.swift; path = "Vacua/Features/Candidates/CleanupSimulationSheet.swift"; sourceTree = "<group>"; };
		80EB1D59C9AC59829A8D140C /* CleanupProposalSheet.swift */ = {isa = PBXFileReference; lastKnownFileType = sourcecode.swift; path = "Vacua/Features/Candidates/CleanupProposalSheet.swift"; sourceTree = "<group>"; };
		1B18DF1AAEFE5E9BA3E76058 /* DuplicatesView.swift */ = {isa = PBXFileReference; lastKnownFileType = sourcecode.swift; path = "Vacua/Features/Duplicates/DuplicatesView.swift"; sourceTree = "<group>"; };
		071B7A2EF6615B5C9DB2597E /* ApplicationsView.swift */ = {isa = PBXFileReference; lastKnownFileType = sourcecode.swift; path = "Vacua/Features/Applications/ApplicationsView.swift"; sourceTree = "<group>"; };
		BD27B868BD665EF8A7F703BE /* DeveloperArtifactsModel.swift */ = {isa = PBXFileReference; lastKnownFileType = sourcecode.swift; path = "Vacua/Features/DeveloperArtifacts/DeveloperArtifactsModel.swift"; sourceTree = "<group>"; };
		7B322395BD125ADB882DB506 /* DeveloperArtifactsView.swift */ = {isa = PBXFileReference; lastKnownFileType = sourcecode.swift; path = "Vacua/Features/DeveloperArtifacts/DeveloperArtifactsView.swift"; sourceTree = "<group>"; };
		4CFB08907C635B41902D4BC6 /* SnapshotsView.swift */ = {isa = PBXFileReference; lastKnownFileType = sourcecode.swift; path = "Vacua/Features/Snapshots/SnapshotsView.swift"; sourceTree = "<group>"; };
		F83DEB4AA6E85E3E8304C00A /* SettingsView.swift */ = {isa = PBXFileReference; lastKnownFileType = sourcecode.swift; path = "Vacua/Features/Settings/SettingsView.swift"; sourceTree = "<group>"; };
		8A1343FF4ADE5870832F92D1 /* StorageMapModel.swift */ = {isa = PBXFileReference; lastKnownFileType = sourcecode.swift; path = "Vacua/Features/StorageMap/StorageMapModel.swift"; sourceTree = "<group>"; };
		8E931503979E57E8A47C34DB /* StorageMapToolbar.swift */ = {isa = PBXFileReference; lastKnownFileType = sourcecode.swift; path = "Vacua/Features/StorageMap/StorageMapToolbar.swift"; sourceTree = "<group>"; };
		54FA5C23075359CCB7E7ED80 /* StorageMapView.swift */ = {isa = PBXFileReference; lastKnownFileType = sourcecode.swift; path = "Vacua/Features/StorageMap/StorageMapView.swift"; sourceTree = "<group>"; };
		7E1322C504E15CA6BEE1973B /* StorageNodeInspector.swift */ = {isa = PBXFileReference; lastKnownFileType = sourcecode.swift; path = "Vacua/Features/StorageMap/StorageNodeInspector.swift"; sourceTree = "<group>"; };
		C4CC3C2A483D5478AA33F4DE /* TreemapLayout.swift */ = {isa = PBXFileReference; lastKnownFileType = sourcecode.swift; path = "Vacua/Features/StorageMap/TreemapLayout.swift"; sourceTree = "<group>"; };
		C95665D1059E547680E2976C /* TreemapView.swift */ = {isa = PBXFileReference; lastKnownFileType = sourcecode.swift; path = "Vacua/Features/StorageMap/TreemapView.swift"; sourceTree = "<group>"; };
		CD2CD225EB0E545CA502C7EB /* AppModelTests.swift */ = {isa = PBXFileReference; lastKnownFileType = sourcecode.swift; path = "VacuaTests/AppModelTests.swift"; sourceTree = "<group>"; };
		08F541C7B4045B2B9A2D39AD /* TreemapLayoutTests.swift */ = {isa = PBXFileReference; lastKnownFileType = sourcecode.swift; path = "VacuaTests/TreemapLayoutTests.swift"; sourceTree = "<group>"; };
		1DB12AD16F2B5B51A7DCE863 /* VacuaUITests.swift */ = {isa = PBXFileReference; lastKnownFileType = sourcecode.swift; path = "VacuaUITests/VacuaUITests.swift"; sourceTree = "<group>"; };
/* End PBXFileReference section */

/* Begin PBXFrameworksBuildPhase section */
		06E56B8ACADF5A099EBEC834 /* Frameworks */ = {
			isa = PBXFrameworksBuildPhase;
			buildActionMask = 2147483647;
			files = (
				126BEC822FDA5320B993DF7D /* VacuaClient in Frameworks */,
			);
			runOnlyForDeploymentPostprocessing = 0;
		};
		55EA84BFF7655CDEA1D243FF /* Frameworks */ = {
			isa = PBXFrameworksBuildPhase;
			buildActionMask = 2147483647;
			files = (
				411B3E7E00B7553F9FF2BAB9 /* VacuaClient in Frameworks */,
			);
			runOnlyForDeploymentPostprocessing = 0;
		};
		81F35FBE3E825D83A2121AE8 /* Frameworks */ = {
			isa = PBXFrameworksBuildPhase;
			buildActionMask = 2147483647;
			files = (
			);
			runOnlyForDeploymentPostprocessing = 0;
		};
/* End PBXFrameworksBuildPhase section */

/* Begin PBXGroup section */
		43E421146F2A55AAA206AB5A = {
			isa = PBXGroup;
			children = (
				522014564D6A50BBAAE89F47 /* Vacua */,
				54F6DF16912150D3BF8DF9FF /* VacuaTests */,
				D909E10F8D8C597F885B4138 /* VacuaUITests */,
				259D9D610E1B59DCA81E448D /* Products */,
			);
			sourceTree = "<group>";
		};
		259D9D610E1B59DCA81E448D /* Products */ = {
			isa = PBXGroup;
			children = (
				70F7978BD6065F4387533DCC /* Vacua.app */,
				4CCC1D1BCEC051AC84E88001 /* VacuaTests.xctest */,
				E9757383865F5D6AAAF55C58 /* VacuaUITests.xctest */,
			);
			name = Products;
			sourceTree = "<group>";
		};
		522014564D6A50BBAAE89F47 /* Vacua */ = {
			isa = PBXGroup;
			children = (
				FAA2B58F07E4510CBE67DA30 /* Info.plist */,
				E326A438F23C56AA9CF167D9 /* Assets.xcassets */,
				06105B9031865DEC8BB4ADBC /* Localizable.xcstrings */,
				ED4CEC551813516F968C3B0E /* VacuaApp.swift */,
				F35E57C5AE775052A9A69066 /* AppModel.swift */,
				4BA303D3F9D65A2D9C4C11AD /* VacuaTheme.swift */,
				5B89961FBE505CF5B4E1EEDE /* VacuaSymbols.swift */,
				6E5A1988D5FC560783FF400F /* Metrics.swift */,
				0907A6C97FBA5C2CAF980761 /* Badges.swift */,
				F49784C77DEF57438F483B34 /* StatusViews.swift */,
				3BF05D6A0D58585B8E9B8C65 /* EmptyState.swift */,
				DEAD2664A04B507A89A02036 /* ErrorState.swift */,
				E0E1B9027CDF5D93ADA38DA0 /* OverviewView.swift */,
				E4F0DB56B86352948EB2DBFA /* CandidatesView.swift */,
				1AC439D7DDB75ED89C40C592 /* CandidateDetailView.swift */,
				BC9DC3CD3F7350989A107719 /* CleanupSimulationSheet.swift */,
				80EB1D59C9AC59829A8D140C /* CleanupProposalSheet.swift */,
				1B18DF1AAEFE5E9BA3E76058 /* DuplicatesView.swift */,
				071B7A2EF6615B5C9DB2597E /* ApplicationsView.swift */,
				BD27B868BD665EF8A7F703BE /* DeveloperArtifactsModel.swift */,
				7B322395BD125ADB882DB506 /* DeveloperArtifactsView.swift */,
				4CFB08907C635B41902D4BC6 /* SnapshotsView.swift */,
				F83DEB4AA6E85E3E8304C00A /* SettingsView.swift */,
				8A1343FF4ADE5870832F92D1 /* StorageMapModel.swift */,
				8E931503979E57E8A47C34DB /* StorageMapToolbar.swift */,
				54FA5C23075359CCB7E7ED80 /* StorageMapView.swift */,
				7E1322C504E15CA6BEE1973B /* StorageNodeInspector.swift */,
				C4CC3C2A483D5478AA33F4DE /* TreemapLayout.swift */,
				C95665D1059E547680E2976C /* TreemapView.swift */,
			);
			name = Vacua;
			sourceTree = "<group>";
		};
		54F6DF16912150D3BF8DF9FF /* VacuaTests */ = {
			isa = PBXGroup;
			children = (
				CD2CD225EB0E545CA502C7EB /* AppModelTests.swift */,
				08F541C7B4045B2B9A2D39AD /* TreemapLayoutTests.swift */,
			);
			name = VacuaTests;
			sourceTree = "<group>";
		};
		D909E10F8D8C597F885B4138 /* VacuaUITests */ = {
			isa = PBXGroup;
			children = (
				1DB12AD16F2B5B51A7DCE863 /* VacuaUITests.swift */,
			);
			name = VacuaUITests;
			sourceTree = "<group>";
		};
/* End PBXGroup section */

/* Begin PBXNativeTarget section */
		4D87EAC90B4755D8812D31C5 /* Vacua */ = {
			isa = PBXNativeTarget;
			buildConfigurationList = 5A01B94DA2115041BF78A5B1 /* Build configuration list for PBXNativeTarget "Vacua" */;
			buildPhases = (
				BFD3A214B6C5595DAAC12C97 /* Sources */,
				06E56B8ACADF5A099EBEC834 /* Frameworks */,
				C5139E83A7505DAB8F6119FE /* Resources */,
			);
			buildRules = (
			);
			dependencies = (
			);
			name = Vacua;
			packageProductDependencies = (
				EFD30881EFE95F34B05836E1 /* VacuaClient */,
			);
			productName = Vacua;
			productReference = 70F7978BD6065F4387533DCC /* Vacua.app */;
			productType = "com.apple.product-type.application";
		};
		BF2CCAF507D25E038A16FCF1 /* VacuaTests */ = {
			isa = PBXNativeTarget;
			buildConfigurationList = 38FB59AFF46950C9AE9BEF43 /* Build configuration list for PBXNativeTarget "VacuaTests" */;
			buildPhases = (
				A8906D977DA25F68A9CD4F45 /* Sources */,
				55EA84BFF7655CDEA1D243FF /* Frameworks */,
				475CFE3A08F85E628A635929 /* Resources */,
			);
			buildRules = (
			);
			dependencies = (
				B265CB9B2CD95FDDB7ABB2BF /* PBXTargetDependency */,
			);
			name = VacuaTests;
			packageProductDependencies = (
				220B2073E0AD5399B87A1A3B /* VacuaClient */,
			);
			productName = VacuaTests;
			productReference = 4CCC1D1BCEC051AC84E88001 /* VacuaTests.xctest */;
			productType = "com.apple.product-type.bundle.unit-test";
		};
		09A0D1C42FF5520AB99B7F54 /* VacuaUITests */ = {
			isa = PBXNativeTarget;
			buildConfigurationList = 142ACFFC30F0531B88369155 /* Build configuration list for PBXNativeTarget "VacuaUITests" */;
			buildPhases = (
				B7E5C48D27E65ED986FBE643 /* Sources */,
				81F35FBE3E825D83A2121AE8 /* Frameworks */,
				915F6566426A54ABBBE50354 /* Resources */,
			);
			buildRules = (
			);
			dependencies = (
				CA26EC433D4150DA805A926F /* PBXTargetDependency */,
			);
			name = VacuaUITests;
			productName = VacuaUITests;
			productReference = E9757383865F5D6AAAF55C58 /* VacuaUITests.xctest */;
			productType = "com.apple.product-type.bundle.ui-testing";
		};
/* End PBXNativeTarget section */

/* Begin PBXProject section */
		1BEF87C75F3D5414B36748FA /* Project object */ = {
			isa = PBXProject;
			attributes = {
				BuildIndependentTargetsInParallel = 1;
				LastUpgradeCheck = 1600;
				TargetAttributes = {
					4D87EAC90B4755D8812D31C5 = {
						CreatedOnToolsVersion = 16.0;
					};
					BF2CCAF507D25E038A16FCF1 = {
						CreatedOnToolsVersion = 16.0;
						TestTargetID = 4D87EAC90B4755D8812D31C5;
					};
					09A0D1C42FF5520AB99B7F54 = {
						CreatedOnToolsVersion = 16.0;
						TestTargetID = 4D87EAC90B4755D8812D31C5;
					};
				};
			};
			buildConfigurationList = C9EED48F5EBA5E4AB8490F1B /* Build configuration list for PBXProject "Vacua" */;
			compatibilityVersion = "Xcode 14.0";
			developmentRegion = en;
			hasScannedForEncodings = 0;
			knownRegions = (
				en,
				Base,
			);
			mainGroup = 43E421146F2A55AAA206AB5A;
			packageReferences = (
				149058C3D03256288D06ECE8 /* XCLocalSwiftPackageReference "Packages/VacuaClient" */,
			);
			productRefGroup = 259D9D610E1B59DCA81E448D /* Products */;
			projectDirPath = "";
			projectRoot = "";
			targets = (
				4D87EAC90B4755D8812D31C5 /* Vacua */,
				BF2CCAF507D25E038A16FCF1 /* VacuaTests */,
				09A0D1C42FF5520AB99B7F54 /* VacuaUITests */,
			);
		};
/* End PBXProject section */

/* Begin PBXResourcesBuildPhase section */
		C5139E83A7505DAB8F6119FE /* Resources */ = {
			isa = PBXResourcesBuildPhase;
			buildActionMask = 2147483647;
			files = (
				F6C0D2F107B75B4E949DA196 /* Assets.xcassets in Resources */,
				5708B83EE8915ECA90CF72D0 /* Localizable.xcstrings in Resources */,
			);
			runOnlyForDeploymentPostprocessing = 0;
		};
		475CFE3A08F85E628A635929 /* Resources */ = {
			isa = PBXResourcesBuildPhase;
			buildActionMask = 2147483647;
			files = (
			);
			runOnlyForDeploymentPostprocessing = 0;
		};
		915F6566426A54ABBBE50354 /* Resources */ = {
			isa = PBXResourcesBuildPhase;
			buildActionMask = 2147483647;
			files = (
			);
			runOnlyForDeploymentPostprocessing = 0;
		};
/* End PBXResourcesBuildPhase section */

/* Begin PBXSourcesBuildPhase section */
		BFD3A214B6C5595DAAC12C97 /* Sources */ = {
			isa = PBXSourcesBuildPhase;
			buildActionMask = 2147483647;
			files = (
				71A5AB33B8615E0193BED562 /* VacuaApp.swift in Sources */,
				20967556300A5D0F8D33F29F /* AppModel.swift in Sources */,
				AE02DDA488265C34A6A183E9 /* VacuaTheme.swift in Sources */,
				0C94F705BDA452A4908FD383 /* VacuaSymbols.swift in Sources */,
				F83F7633FAFD5A40A33D6185 /* Metrics.swift in Sources */,
				7BC5D587FE6F53508D043971 /* Badges.swift in Sources */,
				7AC2AF445C895389A5B7A99C /* StatusViews.swift in Sources */,
				4D4511B3BA7A5708AE4E4AAF /* EmptyState.swift in Sources */,
				FF87D11C264B5CCFA9E4F60E /* ErrorState.swift in Sources */,
				7E1181C64D4B52D2815F4741 /* OverviewView.swift in Sources */,
				538C5B70D50752D6B0FB8E71 /* CandidatesView.swift in Sources */,
				244CC271F6ED561CBA8CA236 /* CandidateDetailView.swift in Sources */,
				F501B22C985950179A52BA91 /* CleanupSimulationSheet.swift in Sources */,
				63BB07959039505D964295BE /* CleanupProposalSheet.swift in Sources */,
				3983DA50456D5BF7B4AC8974 /* DuplicatesView.swift in Sources */,
				2CEA3521A7135AF5A099708C /* ApplicationsView.swift in Sources */,
				44E19910F8EF5BB49462E145 /* DeveloperArtifactsModel.swift in Sources */,
				1E5FF0226521503A95499807 /* DeveloperArtifactsView.swift in Sources */,
				2F3518603A055BEF9FB6E123 /* SnapshotsView.swift in Sources */,
				C14077C6DFBE5B82AF43B6BF /* SettingsView.swift in Sources */,
				A9B5B4E9887F57B0A591DDAC /* StorageMapModel.swift in Sources */,
				2DCFE9A860035D7AA614F640 /* StorageMapToolbar.swift in Sources */,
				533A1F57F3725CEDAED28386 /* StorageMapView.swift in Sources */,
				67A9034BDC8C5EC29A959E54 /* StorageNodeInspector.swift in Sources */,
				D44E2823E60858E1A38E1B0E /* TreemapLayout.swift in Sources */,
				5035D56CB3995095BA9A321A /* TreemapView.swift in Sources */,
			);
			runOnlyForDeploymentPostprocessing = 0;
		};
		A8906D977DA25F68A9CD4F45 /* Sources */ = {
			isa = PBXSourcesBuildPhase;
			buildActionMask = 2147483647;
			files = (
				D5C3BF4A34B6513C9EFDFC2E /* AppModelTests.swift in Sources */,
				D99CD67DC7C75CCE86C74EF2 /* TreemapLayoutTests.swift in Sources */,
			);
			runOnlyForDeploymentPostprocessing = 0;
		};
		B7E5C48D27E65ED986FBE643 /* Sources */ = {
			isa = PBXSourcesBuildPhase;
			buildActionMask = 2147483647;
			files = (
				82DF5095E8D65AB9A8A6BD38 /* VacuaUITests.swift in Sources */,
			);
			runOnlyForDeploymentPostprocessing = 0;
		};
/* End PBXSourcesBuildPhase section */

/* Begin XCBuildConfiguration section */
		A11053B87C9C5D9280E23202 /* Debug */ = {
			isa = XCBuildConfiguration;
			buildSettings = {
				ALWAYS_SEARCH_USER_PATHS = NO;
				CLANG_ANALYZER_NONNULL = YES;
				CLANG_ENABLE_MODULES = YES;
				CLANG_ENABLE_OBJC_ARC = YES;
				CODE_SIGNING_ALLOWED = NO;
				CODE_SIGNING_REQUIRED = NO;
				COPY_PHASE_STRIP = NO;
				DEBUG_INFORMATION_FORMAT = dwarf;
				ENABLE_TESTABILITY = YES;
				GCC_DYNAMIC_NO_PIC = NO;
				GCC_OPTIMIZATION_LEVEL = 0;
				GCC_PREPROCESSOR_DEFINITIONS = (
					"DEBUG=1",
					"$(inherited)",
				);
				MACOSX_DEPLOYMENT_TARGET = 15.0;
				MTL_ENABLE_DEBUG_INFO = INCLUDE_SOURCE;
				ONLY_ACTIVE_ARCH = YES;
				SDKROOT = macosx;
				SWIFT_ACTIVE_COMPILATION_CONDITIONS = DEBUG;
				SWIFT_OPTIMIZATION_LEVEL = "-Onone";
				SWIFT_VERSION = 6.0;
			};
			name = Debug;
		};
		5BF40CAA008A55D099B2617C /* Release */ = {
			isa = XCBuildConfiguration;
			buildSettings = {
				ALWAYS_SEARCH_USER_PATHS = NO;
				CLANG_ANALYZER_NONNULL = YES;
				CLANG_ENABLE_MODULES = YES;
				CLANG_ENABLE_OBJC_ARC = YES;
				CODE_SIGNING_ALLOWED = NO;
				CODE_SIGNING_REQUIRED = NO;
				COPY_PHASE_STRIP = NO;
				DEBUG_INFORMATION_FORMAT = "dwarf-with-dsym";
				ENABLE_NS_ASSERTIONS = NO;
				GCC_OPTIMIZATION_LEVEL = s;
				MACOSX_DEPLOYMENT_TARGET = 15.0;
				MTL_ENABLE_DEBUG_INFO = NO;
				SDKROOT = macosx;
				SWIFT_COMPILATION_MODE = "wholemodule";
				SWIFT_OPTIMIZATION_LEVEL = "-O";
				SWIFT_VERSION = 6.0;
			};
			name = Release;
		};
		A0D7210223CC5018BB47333C /* Debug */ = {
			isa = XCBuildConfiguration;
			buildSettings = {
				ASSETCATALOG_COMPILER_APPICON_NAME = AppIcon;
				CODE_SIGN_STYLE = Manual;
				COMBINE_HIDPI_IMAGES = YES;
				CURRENT_PROJECT_VERSION = 1;
				ENABLE_HARDENED_RUNTIME = YES;
				GENERATE_INFOPLIST_FILE = NO;
				INFOPLIST_FILE = "Vacua/Resources/Info.plist";
				LD_RUNPATH_SEARCH_PATHS = (
					"$(inherited)",
					"@executable_path/../Frameworks",
				);
				MARKETING_VERSION = 0.9.0;
				PRODUCT_BUNDLE_IDENTIFIER = io.github.yuanweize.vacua;
				PRODUCT_NAME = "$(TARGET_NAME)";
				SWIFT_EMIT_LOC_STRINGS = YES;
				SWIFT_STRICT_CONCURRENCY = complete;
			};
			name = Debug;
		};
		D6945D9554CD51FDAB4BE9B2 /* Release */ = {
			isa = XCBuildConfiguration;
			buildSettings = {
				ASSETCATALOG_COMPILER_APPICON_NAME = AppIcon;
				CODE_SIGN_STYLE = Manual;
				COMBINE_HIDPI_IMAGES = YES;
				CURRENT_PROJECT_VERSION = 1;
				ENABLE_HARDENED_RUNTIME = YES;
				GENERATE_INFOPLIST_FILE = NO;
				INFOPLIST_FILE = "Vacua/Resources/Info.plist";
				LD_RUNPATH_SEARCH_PATHS = (
					"$(inherited)",
					"@executable_path/../Frameworks",
				);
				MARKETING_VERSION = 0.9.0;
				PRODUCT_BUNDLE_IDENTIFIER = io.github.yuanweize.vacua;
				PRODUCT_NAME = "$(TARGET_NAME)";
				SWIFT_EMIT_LOC_STRINGS = YES;
				SWIFT_STRICT_CONCURRENCY = complete;
			};
			name = Release;
		};
		D06BD17096E15190B9101A97 /* Debug */ = {
			isa = XCBuildConfiguration;
			buildSettings = {
				BUNDLE_LOADER = "$(TEST_HOST)";
				CODE_SIGN_STYLE = Manual;
				CURRENT_PROJECT_VERSION = 1;
				GENERATE_INFOPLIST_FILE = YES;
				MARKETING_VERSION = 0.9.0;
				PRODUCT_BUNDLE_IDENTIFIER = io.github.yuanweize.vacua.VacuaTests;
				PRODUCT_NAME = "$(TARGET_NAME)";
				SWIFT_EMIT_LOC_STRINGS = NO;
				SWIFT_STRICT_CONCURRENCY = complete;
				TEST_HOST = "$(BUILT_PRODUCTS_DIR)/Vacua.app/Contents/MacOS/Vacua";
			};
			name = Debug;
		};
		F53CE85B35D7575FA6BD3614 /* Release */ = {
			isa = XCBuildConfiguration;
			buildSettings = {
				BUNDLE_LOADER = "$(TEST_HOST)";
				CODE_SIGN_STYLE = Manual;
				CURRENT_PROJECT_VERSION = 1;
				GENERATE_INFOPLIST_FILE = YES;
				MARKETING_VERSION = 0.9.0;
				PRODUCT_BUNDLE_IDENTIFIER = io.github.yuanweize.vacua.VacuaTests;
				PRODUCT_NAME = "$(TARGET_NAME)";
				SWIFT_EMIT_LOC_STRINGS = NO;
				SWIFT_STRICT_CONCURRENCY = complete;
				TEST_HOST = "$(BUILT_PRODUCTS_DIR)/Vacua.app/Contents/MacOS/Vacua";
			};
			name = Release;
		};
		55F07335198451DFB37998A1 /* Debug */ = {
			isa = XCBuildConfiguration;
			buildSettings = {
				CODE_SIGN_STYLE = Manual;
				CURRENT_PROJECT_VERSION = 1;
				GENERATE_INFOPLIST_FILE = YES;
				MARKETING_VERSION = 0.9.0;
				PRODUCT_BUNDLE_IDENTIFIER = io.github.yuanweize.vacua.VacuaUITests;
				PRODUCT_NAME = "$(TARGET_NAME)";
				SWIFT_EMIT_LOC_STRINGS = NO;
				SWIFT_STRICT_CONCURRENCY = complete;
				TEST_TARGET_NAME = Vacua;
			};
			name = Debug;
		};
		3DAF620F1F6F5495BFE68EAF /* Release */ = {
			isa = XCBuildConfiguration;
			buildSettings = {
				CODE_SIGN_STYLE = Manual;
				CURRENT_PROJECT_VERSION = 1;
				GENERATE_INFOPLIST_FILE = YES;
				MARKETING_VERSION = 0.9.0;
				PRODUCT_BUNDLE_IDENTIFIER = io.github.yuanweize.vacua.VacuaUITests;
				PRODUCT_NAME = "$(TARGET_NAME)";
				SWIFT_EMIT_LOC_STRINGS = NO;
				SWIFT_STRICT_CONCURRENCY = complete;
				TEST_TARGET_NAME = Vacua;
			};
			name = Release;
		};
/* End XCBuildConfiguration section */

/* Begin XCConfigurationList section */
		C9EED48F5EBA5E4AB8490F1B /* Build configuration list for PBXProject "Vacua" */ = {
			isa = XCConfigurationList;
			buildConfigurations = (
				A11053B87C9C5D9280E23202 /* Debug */,
				5BF40CAA008A55D099B2617C /* Release */,
			);
			defaultConfigurationIsVisible = 0;
			defaultConfigurationName = Release;
		};
		5A01B94DA2115041BF78A5B1 /* Build configuration list for PBXNativeTarget "Vacua" */ = {
			isa = XCConfigurationList;
			buildConfigurations = (
				A0D7210223CC5018BB47333C /* Debug */,
				D6945D9554CD51FDAB4BE9B2 /* Release */,
			);
			defaultConfigurationIsVisible = 0;
			defaultConfigurationName = Release;
		};
		38FB59AFF46950C9AE9BEF43 /* Build configuration list for PBXNativeTarget "VacuaTests" */ = {
			isa = XCConfigurationList;
			buildConfigurations = (
				D06BD17096E15190B9101A97 /* Debug */,
				F53CE85B35D7575FA6BD3614 /* Release */,
			);
			defaultConfigurationIsVisible = 0;
			defaultConfigurationName = Release;
		};
		142ACFFC30F0531B88369155 /* Build configuration list for PBXNativeTarget "VacuaUITests" */ = {
			isa = XCConfigurationList;
			buildConfigurations = (
				55F07335198451DFB37998A1 /* Debug */,
				3DAF620F1F6F5495BFE68EAF /* Release */,
			);
			defaultConfigurationIsVisible = 0;
			defaultConfigurationName = Release;
		};
/* End XCConfigurationList section */

/* Begin XCLocalSwiftPackageReference section */
		149058C3D03256288D06ECE8 /* XCLocalSwiftPackageReference "Packages/VacuaClient" */ = {
			isa = XCLocalSwiftPackageReference;
			relativePath = Packages/VacuaClient;
		};
/* End XCLocalSwiftPackageReference section */

/* Begin XCSwiftPackageProductDependency section */
		EFD30881EFE95F34B05836E1 /* VacuaClient */ = {
			isa = XCSwiftPackageProductDependency;
			package = 149058C3D03256288D06ECE8 /* XCLocalSwiftPackageReference "Packages/VacuaClient" */;
			productName = VacuaClient;
		};
		220B2073E0AD5399B87A1A3B /* VacuaClient */ = {
			isa = XCSwiftPackageProductDependency;
			package = 149058C3D03256288D06ECE8 /* XCLocalSwiftPackageReference "Packages/VacuaClient" */;
			productName = VacuaClient;
		};
/* End XCSwiftPackageProductDependency section */

	};
	rootObject = 1BEF87C75F3D5414B36748FA /* Project object */;
}
