// !$*UTF8*$!
{
	archiveVersion = 1;
	classes = {
	};
	objectVersion = 77;
	objects = {

/* Begin PBXBuildFile section */
		54C7AABE811845639F445379 /* VacuaApp.swift in Sources */ = {isa = PBXBuildFile; fileRef = A96C54FEDEB64915B385FCBF /* VacuaApp.swift */; };
		51AF41A99DA64B339E53702F /* AppModel.swift in Sources */ = {isa = PBXBuildFile; fileRef = 7A41D03B81464EC5AAA0E954 /* AppModel.swift */; };
		3DE4E58915A1494AB9C9598F /* VacuaTheme.swift in Sources */ = {isa = PBXBuildFile; fileRef = 88F91500C83C471B8FCFA80E /* VacuaTheme.swift */; };
		6710D495BB5C4599AAF35200 /* VacuaSymbols.swift in Sources */ = {isa = PBXBuildFile; fileRef = CEA8B05EF9454CC0913F1462 /* VacuaSymbols.swift */; };
		7DD8AABEFAD24F6C96C79B65 /* Metrics.swift in Sources */ = {isa = PBXBuildFile; fileRef = A5784B60EF7243179B420072 /* Metrics.swift */; };
		6E7D5E88C93849EE9998F219 /* Badges.swift in Sources */ = {isa = PBXBuildFile; fileRef = 800C6DCF6E21448BA0CD39B1 /* Badges.swift */; };
		5CE2BBAA806144FFA320E42E /* StatusViews.swift in Sources */ = {isa = PBXBuildFile; fileRef = 2CC0D6B8DB024877968B7938 /* StatusViews.swift */; };
		87A41970DF274D5F97DD36BE /* EmptyState.swift in Sources */ = {isa = PBXBuildFile; fileRef = 6A69D4B2D6B445E988AC80BD /* EmptyState.swift */; };
		760E9FFB098B4191A89F6646 /* ErrorState.swift in Sources */ = {isa = PBXBuildFile; fileRef = D88F8580D277420CB16C8E34 /* ErrorState.swift */; };
		9D910681AF634FE6AD70DA8A /* OverviewView.swift in Sources */ = {isa = PBXBuildFile; fileRef = C52C0511F9D349B5A595783A /* OverviewView.swift */; };
		702873B18B8643C8BC394AB6 /* CandidatesView.swift in Sources */ = {isa = PBXBuildFile; fileRef = D349250720DA479ABE26CA12 /* CandidatesView.swift */; };
		6B2F604A293E45B6AD670E77 /* CandidateDetailView.swift in Sources */ = {isa = PBXBuildFile; fileRef = 883F8A1F48914EA1AC685F89 /* CandidateDetailView.swift */; };
		92E5010B45F2413C9C586C92 /* CleanupSimulationSheet.swift in Sources */ = {isa = PBXBuildFile; fileRef = A0FC8B9487BF4950AB7D8857 /* CleanupSimulationSheet.swift */; };
		C490610275FF483185CA212C /* CleanupProposalSheet.swift in Sources */ = {isa = PBXBuildFile; fileRef = 698767D132904C6C9AA420DA /* CleanupProposalSheet.swift */; };
		068AAB4F6E3D4222A142D37B /* DuplicatesView.swift in Sources */ = {isa = PBXBuildFile; fileRef = 4DE67BF02EC047E48BE0ECC0 /* DuplicatesView.swift */; };
		7C3CC3C213F645D3BEDBC8BD /* ApplicationsView.swift in Sources */ = {isa = PBXBuildFile; fileRef = 93D35D21964F4C2893ADA7EB /* ApplicationsView.swift */; };
		96A0281F235B428293D8980F /* DeveloperArtifactsModel.swift in Sources */ = {isa = PBXBuildFile; fileRef = 303C54B1E90B4599846226F0 /* DeveloperArtifactsModel.swift */; };
		B6B364720244492CA09B40E6 /* DeveloperArtifactsView.swift in Sources */ = {isa = PBXBuildFile; fileRef = 0B7B4DAD802242139995E4FB /* DeveloperArtifactsView.swift */; };
		D0556F352FE84F4AA0A625B3 /* SnapshotsView.swift in Sources */ = {isa = PBXBuildFile; fileRef = B5F50228C04D481D803A5FF8 /* SnapshotsView.swift */; };
		4B81D74AE61A41CD977B8E73 /* SettingsView.swift in Sources */ = {isa = PBXBuildFile; fileRef = 0F85107BECE0481F9EA5A040 /* SettingsView.swift */; };
		6BEAB936603A4933992A3872 /* StorageMapModel.swift in Sources */ = {isa = PBXBuildFile; fileRef = EE8D3FE6395A4921A4F8B415 /* StorageMapModel.swift */; };
		B52ACB160D7446DD97179249 /* StorageMapToolbar.swift in Sources */ = {isa = PBXBuildFile; fileRef = 4FBEE2B54DA640E0896446ED /* StorageMapToolbar.swift */; };
		3D80D75C62084C20B610CD92 /* StorageMapView.swift in Sources */ = {isa = PBXBuildFile; fileRef = FC3F2DB85DFE4075B763AF77 /* StorageMapView.swift */; };
		5C224E6D15A445F397FC6E66 /* StorageNodeInspector.swift in Sources */ = {isa = PBXBuildFile; fileRef = FF94A2917E3A47DB949E2C58 /* StorageNodeInspector.swift */; };
		5C52E135C083484D991B5034 /* TreemapLayout.swift in Sources */ = {isa = PBXBuildFile; fileRef = 2D9E9043A6EC4A448E1E9C38 /* TreemapLayout.swift */; };
		3EE09EE80A1A4FC781F7B627 /* TreemapView.swift in Sources */ = {isa = PBXBuildFile; fileRef = C5468068D0024FBB8DBBCB40 /* TreemapView.swift */; };
		A19A57CF50234A5E83F898D7 /* AppModelTests.swift in Sources */ = {isa = PBXBuildFile; fileRef = 3149C41B952E4AD5A595C270 /* AppModelTests.swift */; };
		34EFFFE4C9E94C6A852B6981 /* TreemapLayoutTests.swift in Sources */ = {isa = PBXBuildFile; fileRef = A0419B9AD6AF49D28CF87213 /* TreemapLayoutTests.swift */; };
		4F1202160286468CA05C8A3A /* VacuaUITests.swift in Sources */ = {isa = PBXBuildFile; fileRef = 4835840CE02D4F8AA58B2744 /* VacuaUITests.swift */; };
		914994BB9BDF487580070DEC /* VacuaClient in Frameworks */ = {isa = PBXBuildFile; productRef = A509C0281DB24060BC51BB89 /* VacuaClient */; };
		C5248C1024C44FF486813916 /* VacuaClient in Frameworks */ = {isa = PBXBuildFile; productRef = EE378C872213490D9D849406 /* VacuaClient */; };
		F1A19EBF55CE4113A072E518 /* Assets.xcassets in Resources */ = {isa = PBXBuildFile; fileRef = DF7D345A96F845BE898060BF /* Assets.xcassets */; };
		18A2593657984431B7171B0C /* Localizable.xcstrings in Resources */ = {isa = PBXBuildFile; fileRef = 31DE840FBE8E4443B4F35BEC /* Localizable.xcstrings */; };
/* End PBXBuildFile section */

/* Begin PBXContainerItemProxy section */
		D737BC1B69124DB6ABAA57A1 /* PBXContainerItemProxy */ = {
			isa = PBXContainerItemProxy;
			containerPortal = A0C63721F58C4AC397E5B016 /* Project object */;
			proxyType = 1;
			remoteGlobalIDString = 2F43B240799A464FB82E6A11;
			remoteInfo = Vacua;
		};
		50AFE59D435B4DE0B66B25DB /* PBXContainerItemProxy */ = {
			isa = PBXContainerItemProxy;
			containerPortal = A0C63721F58C4AC397E5B016 /* Project object */;
			proxyType = 1;
			remoteGlobalIDString = 2F43B240799A464FB82E6A11;
			remoteInfo = Vacua;
		};
/* End PBXContainerItemProxy section */

/* Begin PBXTargetDependency section */
		1E9677AF95E340709A3C22A7 /* PBXTargetDependency */ = {
			isa = PBXTargetDependency;
			target = 2F43B240799A464FB82E6A11 /* Vacua */;
			targetProxy = D737BC1B69124DB6ABAA57A1 /* PBXContainerItemProxy */;
		};
		2235769831584DF49BCD8EB7 /* PBXTargetDependency */ = {
			isa = PBXTargetDependency;
			target = 2F43B240799A464FB82E6A11 /* Vacua */;
			targetProxy = 50AFE59D435B4DE0B66B25DB /* PBXContainerItemProxy */;
		};
/* End PBXTargetDependency section */

/* Begin PBXFileReference section */
		1C2FD58FB02045B3B00367FA /* Vacua.app */ = {isa = PBXFileReference; explicitFileType = wrapper.application; includeInIndex = 0; path = Vacua.app; sourceTree = BUILT_PRODUCTS_DIR; };
		62207E16BBB648CCB9E17D6B /* VacuaTests.xctest */ = {isa = PBXFileReference; explicitFileType = wrapper.cfbundle; includeInIndex = 0; path = VacuaTests.xctest; sourceTree = BUILT_PRODUCTS_DIR; };
		F27F7EBF57D74F7DA7174A52 /* VacuaUITests.xctest */ = {isa = PBXFileReference; explicitFileType = wrapper.cfbundle; includeInIndex = 0; path = VacuaUITests.xctest; sourceTree = BUILT_PRODUCTS_DIR; };
		767000C244BE4C269AF6433A /* Info.plist */ = {isa = PBXFileReference; lastKnownFileType = text.plist.xml; path = "Vacua/Resources/Info.plist"; sourceTree = "<group>"; };
		DF7D345A96F845BE898060BF /* Assets.xcassets */ = {isa = PBXFileReference; lastKnownFileType = folder.assetcatalog; path = "Vacua/Resources/Assets.xcassets"; sourceTree = "<group>"; };
		31DE840FBE8E4443B4F35BEC /* Localizable.xcstrings */ = {isa = PBXFileReference; lastKnownFileType = text.json.xcstrings; path = "Vacua/Resources/Localizable.xcstrings"; sourceTree = "<group>"; };
		A96C54FEDEB64915B385FCBF /* VacuaApp.swift */ = {isa = PBXFileReference; lastKnownFileType = sourcecode.swift; path = "Vacua/App/VacuaApp.swift"; sourceTree = "<group>"; };
		7A41D03B81464EC5AAA0E954 /* AppModel.swift */ = {isa = PBXFileReference; lastKnownFileType = sourcecode.swift; path = "Vacua/App/AppModel.swift"; sourceTree = "<group>"; };
		88F91500C83C471B8FCFA80E /* VacuaTheme.swift */ = {isa = PBXFileReference; lastKnownFileType = sourcecode.swift; path = "Vacua/Common/DesignSystem/VacuaTheme.swift"; sourceTree = "<group>"; };
		CEA8B05EF9454CC0913F1462 /* VacuaSymbols.swift */ = {isa = PBXFileReference; lastKnownFileType = sourcecode.swift; path = "Vacua/Common/DesignSystem/VacuaSymbols.swift"; sourceTree = "<group>"; };
		A5784B60EF7243179B420072 /* Metrics.swift */ = {isa = PBXFileReference; lastKnownFileType = sourcecode.swift; path = "Vacua/Common/DesignSystem/Metrics.swift"; sourceTree = "<group>"; };
		800C6DCF6E21448BA0CD39B1 /* Badges.swift */ = {isa = PBXFileReference; lastKnownFileType = sourcecode.swift; path = "Vacua/Common/DesignSystem/Badges.swift"; sourceTree = "<group>"; };
		2CC0D6B8DB024877968B7938 /* StatusViews.swift */ = {isa = PBXFileReference; lastKnownFileType = sourcecode.swift; path = "Vacua/Common/DesignSystem/StatusViews.swift"; sourceTree = "<group>"; };
		6A69D4B2D6B445E988AC80BD /* EmptyState.swift */ = {isa = PBXFileReference; lastKnownFileType = sourcecode.swift; path = "Vacua/Common/DesignSystem/EmptyState.swift"; sourceTree = "<group>"; };
		D88F8580D277420CB16C8E34 /* ErrorState.swift */ = {isa = PBXFileReference; lastKnownFileType = sourcecode.swift; path = "Vacua/Common/DesignSystem/ErrorState.swift"; sourceTree = "<group>"; };
		C52C0511F9D349B5A595783A /* OverviewView.swift */ = {isa = PBXFileReference; lastKnownFileType = sourcecode.swift; path = "Vacua/Features/Overview/OverviewView.swift"; sourceTree = "<group>"; };
		D349250720DA479ABE26CA12 /* CandidatesView.swift */ = {isa = PBXFileReference; lastKnownFileType = sourcecode.swift; path = "Vacua/Features/Candidates/CandidatesView.swift"; sourceTree = "<group>"; };
		883F8A1F48914EA1AC685F89 /* CandidateDetailView.swift */ = {isa = PBXFileReference; lastKnownFileType = sourcecode.swift; path = "Vacua/Features/Candidates/CandidateDetailView.swift"; sourceTree = "<group>"; };
		A0FC8B9487BF4950AB7D8857 /* CleanupSimulationSheet.swift */ = {isa = PBXFileReference; lastKnownFileType = sourcecode.swift; path = "Vacua/Features/Candidates/CleanupSimulationSheet.swift"; sourceTree = "<group>"; };
		698767D132904C6C9AA420DA /* CleanupProposalSheet.swift */ = {isa = PBXFileReference; lastKnownFileType = sourcecode.swift; path = "Vacua/Features/Candidates/CleanupProposalSheet.swift"; sourceTree = "<group>"; };
		4DE67BF02EC047E48BE0ECC0 /* DuplicatesView.swift */ = {isa = PBXFileReference; lastKnownFileType = sourcecode.swift; path = "Vacua/Features/Duplicates/DuplicatesView.swift"; sourceTree = "<group>"; };
		93D35D21964F4C2893ADA7EB /* ApplicationsView.swift */ = {isa = PBXFileReference; lastKnownFileType = sourcecode.swift; path = "Vacua/Features/Applications/ApplicationsView.swift"; sourceTree = "<group>"; };
		303C54B1E90B4599846226F0 /* DeveloperArtifactsModel.swift */ = {isa = PBXFileReference; lastKnownFileType = sourcecode.swift; path = "Vacua/Features/DeveloperArtifacts/DeveloperArtifactsModel.swift"; sourceTree = "<group>"; };
		0B7B4DAD802242139995E4FB /* DeveloperArtifactsView.swift */ = {isa = PBXFileReference; lastKnownFileType = sourcecode.swift; path = "Vacua/Features/DeveloperArtifacts/DeveloperArtifactsView.swift"; sourceTree = "<group>"; };
		B5F50228C04D481D803A5FF8 /* SnapshotsView.swift */ = {isa = PBXFileReference; lastKnownFileType = sourcecode.swift; path = "Vacua/Features/Snapshots/SnapshotsView.swift"; sourceTree = "<group>"; };
		0F85107BECE0481F9EA5A040 /* SettingsView.swift */ = {isa = PBXFileReference; lastKnownFileType = sourcecode.swift; path = "Vacua/Features/Settings/SettingsView.swift"; sourceTree = "<group>"; };
		EE8D3FE6395A4921A4F8B415 /* StorageMapModel.swift */ = {isa = PBXFileReference; lastKnownFileType = sourcecode.swift; path = "Vacua/Features/StorageMap/StorageMapModel.swift"; sourceTree = "<group>"; };
		4FBEE2B54DA640E0896446ED /* StorageMapToolbar.swift */ = {isa = PBXFileReference; lastKnownFileType = sourcecode.swift; path = "Vacua/Features/StorageMap/StorageMapToolbar.swift"; sourceTree = "<group>"; };
		FC3F2DB85DFE4075B763AF77 /* StorageMapView.swift */ = {isa = PBXFileReference; lastKnownFileType = sourcecode.swift; path = "Vacua/Features/StorageMap/StorageMapView.swift"; sourceTree = "<group>"; };
		FF94A2917E3A47DB949E2C58 /* StorageNodeInspector.swift */ = {isa = PBXFileReference; lastKnownFileType = sourcecode.swift; path = "Vacua/Features/StorageMap/StorageNodeInspector.swift"; sourceTree = "<group>"; };
		2D9E9043A6EC4A448E1E9C38 /* TreemapLayout.swift */ = {isa = PBXFileReference; lastKnownFileType = sourcecode.swift; path = "Vacua/Features/StorageMap/TreemapLayout.swift"; sourceTree = "<group>"; };
		C5468068D0024FBB8DBBCB40 /* TreemapView.swift */ = {isa = PBXFileReference; lastKnownFileType = sourcecode.swift; path = "Vacua/Features/StorageMap/TreemapView.swift"; sourceTree = "<group>"; };
		3149C41B952E4AD5A595C270 /* AppModelTests.swift */ = {isa = PBXFileReference; lastKnownFileType = sourcecode.swift; path = "VacuaTests/AppModelTests.swift"; sourceTree = "<group>"; };
		A0419B9AD6AF49D28CF87213 /* TreemapLayoutTests.swift */ = {isa = PBXFileReference; lastKnownFileType = sourcecode.swift; path = "VacuaTests/TreemapLayoutTests.swift"; sourceTree = "<group>"; };
		4835840CE02D4F8AA58B2744 /* VacuaUITests.swift */ = {isa = PBXFileReference; lastKnownFileType = sourcecode.swift; path = "VacuaUITests/VacuaUITests.swift"; sourceTree = "<group>"; };
/* End PBXFileReference section */

/* Begin PBXFrameworksBuildPhase section */
		E090B28B53974904836A2DC0 /* Frameworks */ = {
			isa = PBXFrameworksBuildPhase;
			buildActionMask = 2147483647;
			files = (
				914994BB9BDF487580070DEC /* VacuaClient in Frameworks */,
			);
			runOnlyForDeploymentPostprocessing = 0;
		};
		459458C99D834F389214F3C9 /* Frameworks */ = {
			isa = PBXFrameworksBuildPhase;
			buildActionMask = 2147483647;
			files = (
				C5248C1024C44FF486813916 /* VacuaClient in Frameworks */,
			);
			runOnlyForDeploymentPostprocessing = 0;
		};
		FD1ED7E53A0140F182BA525E /* Frameworks */ = {
			isa = PBXFrameworksBuildPhase;
			buildActionMask = 2147483647;
			files = (
			);
			runOnlyForDeploymentPostprocessing = 0;
		};
/* End PBXFrameworksBuildPhase section */

/* Begin PBXGroup section */
		67A2F34C0C77441C88D931B5 = {
			isa = PBXGroup;
			children = (
				DCF8DF4C59474376AC7BC97F /* Vacua */,
				AE7CB2DB721D4A1EAC1AE5FD /* VacuaTests */,
				856038E8812E40FE96F7BB53 /* VacuaUITests */,
				A5C52185E0A348C18AF63992 /* Products */,
			);
			sourceTree = "<group>";
		};
		A5C52185E0A348C18AF63992 /* Products */ = {
			isa = PBXGroup;
			children = (
				1C2FD58FB02045B3B00367FA /* Vacua.app */,
				62207E16BBB648CCB9E17D6B /* VacuaTests.xctest */,
				F27F7EBF57D74F7DA7174A52 /* VacuaUITests.xctest */,
			);
			name = Products;
			sourceTree = "<group>";
		};
		DCF8DF4C59474376AC7BC97F /* Vacua */ = {
			isa = PBXGroup;
			children = (
				767000C244BE4C269AF6433A /* Info.plist */,
				DF7D345A96F845BE898060BF /* Assets.xcassets */,
				31DE840FBE8E4443B4F35BEC /* Localizable.xcstrings */,
				A96C54FEDEB64915B385FCBF /* VacuaApp.swift */,
				7A41D03B81464EC5AAA0E954 /* AppModel.swift */,
				88F91500C83C471B8FCFA80E /* VacuaTheme.swift */,
				CEA8B05EF9454CC0913F1462 /* VacuaSymbols.swift */,
				A5784B60EF7243179B420072 /* Metrics.swift */,
				800C6DCF6E21448BA0CD39B1 /* Badges.swift */,
				2CC0D6B8DB024877968B7938 /* StatusViews.swift */,
				6A69D4B2D6B445E988AC80BD /* EmptyState.swift */,
				D88F8580D277420CB16C8E34 /* ErrorState.swift */,
				C52C0511F9D349B5A595783A /* OverviewView.swift */,
				D349250720DA479ABE26CA12 /* CandidatesView.swift */,
				883F8A1F48914EA1AC685F89 /* CandidateDetailView.swift */,
				A0FC8B9487BF4950AB7D8857 /* CleanupSimulationSheet.swift */,
				698767D132904C6C9AA420DA /* CleanupProposalSheet.swift */,
				4DE67BF02EC047E48BE0ECC0 /* DuplicatesView.swift */,
				93D35D21964F4C2893ADA7EB /* ApplicationsView.swift */,
				303C54B1E90B4599846226F0 /* DeveloperArtifactsModel.swift */,
				0B7B4DAD802242139995E4FB /* DeveloperArtifactsView.swift */,
				B5F50228C04D481D803A5FF8 /* SnapshotsView.swift */,
				0F85107BECE0481F9EA5A040 /* SettingsView.swift */,
				EE8D3FE6395A4921A4F8B415 /* StorageMapModel.swift */,
				4FBEE2B54DA640E0896446ED /* StorageMapToolbar.swift */,
				FC3F2DB85DFE4075B763AF77 /* StorageMapView.swift */,
				FF94A2917E3A47DB949E2C58 /* StorageNodeInspector.swift */,
				2D9E9043A6EC4A448E1E9C38 /* TreemapLayout.swift */,
				C5468068D0024FBB8DBBCB40 /* TreemapView.swift */,
			);
			name = Vacua;
			sourceTree = "<group>";
		};
		AE7CB2DB721D4A1EAC1AE5FD /* VacuaTests */ = {
			isa = PBXGroup;
			children = (
				3149C41B952E4AD5A595C270 /* AppModelTests.swift */,
				A0419B9AD6AF49D28CF87213 /* TreemapLayoutTests.swift */,
			);
			name = VacuaTests;
			sourceTree = "<group>";
		};
		856038E8812E40FE96F7BB53 /* VacuaUITests */ = {
			isa = PBXGroup;
			children = (
				4835840CE02D4F8AA58B2744 /* VacuaUITests.swift */,
			);
			name = VacuaUITests;
			sourceTree = "<group>";
		};
/* End PBXGroup section */

/* Begin PBXNativeTarget section */
		2F43B240799A464FB82E6A11 /* Vacua */ = {
			isa = PBXNativeTarget;
			buildConfigurationList = FFACC31E3E544535875724A5 /* Build configuration list for PBXNativeTarget "Vacua" */;
			buildPhases = (
				D9F6BC2437814393AFA9BE1F /* Sources */,
				E090B28B53974904836A2DC0 /* Frameworks */,
				03A943F071BC45389CDFBD8C /* Resources */,
			);
			buildRules = (
			);
			dependencies = (
			);
			name = Vacua;
			packageProductDependencies = (
				A509C0281DB24060BC51BB89 /* VacuaClient */,
			);
			productName = Vacua;
			productReference = 1C2FD58FB02045B3B00367FA /* Vacua.app */;
			productType = "com.apple.product-type.application";
		};
		BCE5CB2C9C164344B89B94FA /* VacuaTests */ = {
			isa = PBXNativeTarget;
			buildConfigurationList = C1A6450BB81C4D7B85BD6027 /* Build configuration list for PBXNativeTarget "VacuaTests" */;
			buildPhases = (
				7E5A8223B4434A2CBD249A34 /* Sources */,
				459458C99D834F389214F3C9 /* Frameworks */,
				3C5D94EB5E8E49819355FAF9 /* Resources */,
			);
			buildRules = (
			);
			dependencies = (
				1E9677AF95E340709A3C22A7 /* PBXTargetDependency */,
			);
			name = VacuaTests;
			packageProductDependencies = (
				EE378C872213490D9D849406 /* VacuaClient */,
			);
			productName = VacuaTests;
			productReference = 62207E16BBB648CCB9E17D6B /* VacuaTests.xctest */;
			productType = "com.apple.product-type.bundle.unit-test";
		};
		2843E142C29246BB96F18FE6 /* VacuaUITests */ = {
			isa = PBXNativeTarget;
			buildConfigurationList = 51BAFF04BD924F20B9FC4067 /* Build configuration list for PBXNativeTarget "VacuaUITests" */;
			buildPhases = (
				E4391B024308496CA3F1A456 /* Sources */,
				FD1ED7E53A0140F182BA525E /* Frameworks */,
				E804C613D1A14A2ABAE770FD /* Resources */,
			);
			buildRules = (
			);
			dependencies = (
				2235769831584DF49BCD8EB7 /* PBXTargetDependency */,
			);
			name = VacuaUITests;
			productName = VacuaUITests;
			productReference = F27F7EBF57D74F7DA7174A52 /* VacuaUITests.xctest */;
			productType = "com.apple.product-type.bundle.ui-testing";
		};
/* End PBXNativeTarget section */

/* Begin PBXProject section */
		A0C63721F58C4AC397E5B016 /* Project object */ = {
			isa = PBXProject;
			attributes = {
				BuildIndependentTargetsInParallel = 1;
				LastUpgradeCheck = 1600;
				TargetAttributes = {
					2F43B240799A464FB82E6A11 = {
						CreatedOnToolsVersion = 16.0;
					};
					BCE5CB2C9C164344B89B94FA = {
						CreatedOnToolsVersion = 16.0;
						TestTargetID = 2F43B240799A464FB82E6A11;
					};
					2843E142C29246BB96F18FE6 = {
						CreatedOnToolsVersion = 16.0;
						TestTargetID = 2F43B240799A464FB82E6A11;
					};
				};
			};
			buildConfigurationList = FAED076463124E39930BAF6E /* Build configuration list for PBXProject "Vacua" */;
			compatibilityVersion = "Xcode 14.0";
			developmentRegion = en;
			hasScannedForEncodings = 0;
			knownRegions = (
				en,
				Base,
			);
			mainGroup = 67A2F34C0C77441C88D931B5;
			packageReferences = (
				260EEA39EBF040CB998A09F6 /* XCLocalSwiftPackageReference "Packages/VacuaClient" */,
			);
			productRefGroup = A5C52185E0A348C18AF63992 /* Products */;
			projectDirPath = "";
			projectRoot = "";
			targets = (
				2F43B240799A464FB82E6A11 /* Vacua */,
				BCE5CB2C9C164344B89B94FA /* VacuaTests */,
				2843E142C29246BB96F18FE6 /* VacuaUITests */,
			);
		};
/* End PBXProject section */

/* Begin PBXResourcesBuildPhase section */
		03A943F071BC45389CDFBD8C /* Resources */ = {
			isa = PBXResourcesBuildPhase;
			buildActionMask = 2147483647;
			files = (
				F1A19EBF55CE4113A072E518 /* Assets.xcassets in Resources */,
				18A2593657984431B7171B0C /* Localizable.xcstrings in Resources */,
			);
			runOnlyForDeploymentPostprocessing = 0;
		};
		3C5D94EB5E8E49819355FAF9 /* Resources */ = {
			isa = PBXResourcesBuildPhase;
			buildActionMask = 2147483647;
			files = (
			);
			runOnlyForDeploymentPostprocessing = 0;
		};
		E804C613D1A14A2ABAE770FD /* Resources */ = {
			isa = PBXResourcesBuildPhase;
			buildActionMask = 2147483647;
			files = (
			);
			runOnlyForDeploymentPostprocessing = 0;
		};
/* End PBXResourcesBuildPhase section */

/* Begin PBXSourcesBuildPhase section */
		D9F6BC2437814393AFA9BE1F /* Sources */ = {
			isa = PBXSourcesBuildPhase;
			buildActionMask = 2147483647;
			files = (
				54C7AABE811845639F445379 /* VacuaApp.swift in Sources */,
				51AF41A99DA64B339E53702F /* AppModel.swift in Sources */,
				3DE4E58915A1494AB9C9598F /* VacuaTheme.swift in Sources */,
				6710D495BB5C4599AAF35200 /* VacuaSymbols.swift in Sources */,
				7DD8AABEFAD24F6C96C79B65 /* Metrics.swift in Sources */,
				6E7D5E88C93849EE9998F219 /* Badges.swift in Sources */,
				5CE2BBAA806144FFA320E42E /* StatusViews.swift in Sources */,
				87A41970DF274D5F97DD36BE /* EmptyState.swift in Sources */,
				760E9FFB098B4191A89F6646 /* ErrorState.swift in Sources */,
				9D910681AF634FE6AD70DA8A /* OverviewView.swift in Sources */,
				702873B18B8643C8BC394AB6 /* CandidatesView.swift in Sources */,
				6B2F604A293E45B6AD670E77 /* CandidateDetailView.swift in Sources */,
				92E5010B45F2413C9C586C92 /* CleanupSimulationSheet.swift in Sources */,
				C490610275FF483185CA212C /* CleanupProposalSheet.swift in Sources */,
				068AAB4F6E3D4222A142D37B /* DuplicatesView.swift in Sources */,
				7C3CC3C213F645D3BEDBC8BD /* ApplicationsView.swift in Sources */,
				96A0281F235B428293D8980F /* DeveloperArtifactsModel.swift in Sources */,
				B6B364720244492CA09B40E6 /* DeveloperArtifactsView.swift in Sources */,
				D0556F352FE84F4AA0A625B3 /* SnapshotsView.swift in Sources */,
				4B81D74AE61A41CD977B8E73 /* SettingsView.swift in Sources */,
				6BEAB936603A4933992A3872 /* StorageMapModel.swift in Sources */,
				B52ACB160D7446DD97179249 /* StorageMapToolbar.swift in Sources */,
				3D80D75C62084C20B610CD92 /* StorageMapView.swift in Sources */,
				5C224E6D15A445F397FC6E66 /* StorageNodeInspector.swift in Sources */,
				5C52E135C083484D991B5034 /* TreemapLayout.swift in Sources */,
				3EE09EE80A1A4FC781F7B627 /* TreemapView.swift in Sources */,
			);
			runOnlyForDeploymentPostprocessing = 0;
		};
		7E5A8223B4434A2CBD249A34 /* Sources */ = {
			isa = PBXSourcesBuildPhase;
			buildActionMask = 2147483647;
			files = (
				A19A57CF50234A5E83F898D7 /* AppModelTests.swift in Sources */,
				34EFFFE4C9E94C6A852B6981 /* TreemapLayoutTests.swift in Sources */,
			);
			runOnlyForDeploymentPostprocessing = 0;
		};
		E4391B024308496CA3F1A456 /* Sources */ = {
			isa = PBXSourcesBuildPhase;
			buildActionMask = 2147483647;
			files = (
				4F1202160286468CA05C8A3A /* VacuaUITests.swift in Sources */,
			);
			runOnlyForDeploymentPostprocessing = 0;
		};
/* End PBXSourcesBuildPhase section */

/* Begin XCBuildConfiguration section */
		06B4439F725A43AC8882726B /* Debug */ = {
			isa = XCBuildConfiguration;
			buildSettings = {
				ALWAYS_SEARCH_USER_PATHS = NO;
				CLANG_ANALYZER_NONNULL = YES;
				CLANG_ENABLE_MODULES = YES;
				CLANG_ENABLE_OBJC_ARC = YES;
				CODE_SIGNING_ALLOWED = NO;
				CODE_SIGNING_REQUIRED = NO;
				COPY_PHASE_STRIP = NO;
				DEBUG_INFORMATION_FORMAT = dwarf;
				ENABLE_TESTABILITY = YES;
				GCC_DYNAMIC_NO_PIC = NO;
				GCC_OPTIMIZATION_LEVEL = 0;
				GCC_PREPROCESSOR_DEFINITIONS = (
					"DEBUG=1",
					"$(inherited)",
				);
				MACOSX_DEPLOYMENT_TARGET = 15.0;
				MTL_ENABLE_DEBUG_INFO = INCLUDE_SOURCE;
				ONLY_ACTIVE_ARCH = YES;
				SDKROOT = macosx;
				SWIFT_ACTIVE_COMPILATION_CONDITIONS = DEBUG;
				SWIFT_OPTIMIZATION_LEVEL = "-Onone";
				SWIFT_VERSION = 6.0;
			};
			name = Debug;
		};
		4F0404A494E9437CA6F78145 /* Release */ = {
			isa = XCBuildConfiguration;
			buildSettings = {
				ALWAYS_SEARCH_USER_PATHS = NO;
				CLANG_ANALYZER_NONNULL = YES;
				CLANG_ENABLE_MODULES = YES;
				CLANG_ENABLE_OBJC_ARC = YES;
				CODE_SIGNING_ALLOWED = NO;
				CODE_SIGNING_REQUIRED = NO;
				COPY_PHASE_STRIP = NO;
				DEBUG_INFORMATION_FORMAT = "dwarf-with-dsym";
				ENABLE_NS_ASSERTIONS = NO;
				GCC_OPTIMIZATION_LEVEL = s;
				MACOSX_DEPLOYMENT_TARGET = 15.0;
				MTL_ENABLE_DEBUG_INFO = NO;
				SDKROOT = macosx;
				SWIFT_COMPILATION_MODE = "wholemodule";
				SWIFT_OPTIMIZATION_LEVEL = "-O";
				SWIFT_VERSION = 6.0;
			};
			name = Release;
		};
		F57B8C8A6D50449F8ECD05FA /* Debug */ = {
			isa = XCBuildConfiguration;
			buildSettings = {
				ASSETCATALOG_COMPILER_APPICON_NAME = AppIcon;
				CODE_SIGN_STYLE = Manual;
				COMBINE_HIDPI_IMAGES = YES;
				CURRENT_PROJECT_VERSION = 1;
				ENABLE_HARDENED_RUNTIME = YES;
				GENERATE_INFOPLIST_FILE = NO;
				INFOPLIST_FILE = "Vacua/Resources/Info.plist";
				LD_RUNPATH_SEARCH_PATHS = (
					"$(inherited)",
					"@executable_path/../Frameworks",
				);
				MARKETING_VERSION = 0.8.0;
				PRODUCT_BUNDLE_IDENTIFIER = io.github.yuanweize.vacua;
				PRODUCT_NAME = "$(TARGET_NAME)";
				SWIFT_EMIT_LOC_STRINGS = YES;
				SWIFT_STRICT_CONCURRENCY = complete;
			};
			name = Debug;
		};
		4A9B26E93ECF422CA7D1A0AF /* Release */ = {
			isa = XCBuildConfiguration;
			buildSettings = {
				ASSETCATALOG_COMPILER_APPICON_NAME = AppIcon;
				CODE_SIGN_STYLE = Manual;
				COMBINE_HIDPI_IMAGES = YES;
				CURRENT_PROJECT_VERSION = 1;
				ENABLE_HARDENED_RUNTIME = YES;
				GENERATE_INFOPLIST_FILE = NO;
				INFOPLIST_FILE = "Vacua/Resources/Info.plist";
				LD_RUNPATH_SEARCH_PATHS = (
					"$(inherited)",
					"@executable_path/../Frameworks",
				);
				MARKETING_VERSION = 0.8.0;
				PRODUCT_BUNDLE_IDENTIFIER = io.github.yuanweize.vacua;
				PRODUCT_NAME = "$(TARGET_NAME)";
				SWIFT_EMIT_LOC_STRINGS = YES;
				SWIFT_STRICT_CONCURRENCY = complete;
			};
			name = Release;
		};
		827F1084C5BD42729BA072DB /* Debug */ = {
			isa = XCBuildConfiguration;
			buildSettings = {
				BUNDLE_LOADER = "$(TEST_HOST)";
				CODE_SIGN_STYLE = Manual;
				CURRENT_PROJECT_VERSION = 1;
				GENERATE_INFOPLIST_FILE = YES;
				MARKETING_VERSION = 0.8.0;
				PRODUCT_BUNDLE_IDENTIFIER = io.github.yuanweize.vacua.VacuaTests;
				PRODUCT_NAME = "$(TARGET_NAME)";
				SWIFT_EMIT_LOC_STRINGS = NO;
				SWIFT_STRICT_CONCURRENCY = complete;
				TEST_HOST = "$(BUILT_PRODUCTS_DIR)/Vacua.app/Contents/MacOS/Vacua";
			};
			name = Debug;
		};
		93F64919846C4238BFA4D245 /* Release */ = {
			isa = XCBuildConfiguration;
			buildSettings = {
				BUNDLE_LOADER = "$(TEST_HOST)";
				CODE_SIGN_STYLE = Manual;
				CURRENT_PROJECT_VERSION = 1;
				GENERATE_INFOPLIST_FILE = YES;
				MARKETING_VERSION = 0.8.0;
				PRODUCT_BUNDLE_IDENTIFIER = io.github.yuanweize.vacua.VacuaTests;
				PRODUCT_NAME = "$(TARGET_NAME)";
				SWIFT_EMIT_LOC_STRINGS = NO;
				SWIFT_STRICT_CONCURRENCY = complete;
				TEST_HOST = "$(BUILT_PRODUCTS_DIR)/Vacua.app/Contents/MacOS/Vacua";
			};
			name = Release;
		};
		F08DB01F436546E1B118971D /* Debug */ = {
			isa = XCBuildConfiguration;
			buildSettings = {
				CODE_SIGN_STYLE = Manual;
				CURRENT_PROJECT_VERSION = 1;
				GENERATE_INFOPLIST_FILE = YES;
				MARKETING_VERSION = 0.8.0;
				PRODUCT_BUNDLE_IDENTIFIER = io.github.yuanweize.vacua.VacuaUITests;
				PRODUCT_NAME = "$(TARGET_NAME)";
				SWIFT_EMIT_LOC_STRINGS = NO;
				SWIFT_STRICT_CONCURRENCY = complete;
				TEST_TARGET_NAME = Vacua;
			};
			name = Debug;
		};
		1C1046E5BAEA48179C67BCC7 /* Release */ = {
			isa = XCBuildConfiguration;
			buildSettings = {
				CODE_SIGN_STYLE = Manual;
				CURRENT_PROJECT_VERSION = 1;
				GENERATE_INFOPLIST_FILE = YES;
				MARKETING_VERSION = 0.8.0;
				PRODUCT_BUNDLE_IDENTIFIER = io.github.yuanweize.vacua.VacuaUITests;
				PRODUCT_NAME = "$(TARGET_NAME)";
				SWIFT_EMIT_LOC_STRINGS = NO;
				SWIFT_STRICT_CONCURRENCY = complete;
				TEST_TARGET_NAME = Vacua;
			};
			name = Release;
		};
/* End XCBuildConfiguration section */

/* Begin XCConfigurationList section */
		FAED076463124E39930BAF6E /* Build configuration list for PBXProject "Vacua" */ = {
			isa = XCConfigurationList;
			buildConfigurations = (
				06B4439F725A43AC8882726B /* Debug */,
				4F0404A494E9437CA6F78145 /* Release */,
			);
			defaultConfigurationIsVisible = 0;
			defaultConfigurationName = Release;
		};
		FFACC31E3E544535875724A5 /* Build configuration list for PBXNativeTarget "Vacua" */ = {
			isa = XCConfigurationList;
			buildConfigurations = (
				F57B8C8A6D50449F8ECD05FA /* Debug */,
				4A9B26E93ECF422CA7D1A0AF /* Release */,
			);
			defaultConfigurationIsVisible = 0;
			defaultConfigurationName = Release;
		};
		C1A6450BB81C4D7B85BD6027 /* Build configuration list for PBXNativeTarget "VacuaTests" */ = {
			isa = XCConfigurationList;
			buildConfigurations = (
				827F1084C5BD42729BA072DB /* Debug */,
				93F64919846C4238BFA4D245 /* Release */,
			);
			defaultConfigurationIsVisible = 0;
			defaultConfigurationName = Release;
		};
		51BAFF04BD924F20B9FC4067 /* Build configuration list for PBXNativeTarget "VacuaUITests" */ = {
			isa = XCConfigurationList;
			buildConfigurations = (
				F08DB01F436546E1B118971D /* Debug */,
				1C1046E5BAEA48179C67BCC7 /* Release */,
			);
			defaultConfigurationIsVisible = 0;
			defaultConfigurationName = Release;
		};
/* End XCConfigurationList section */

/* Begin XCLocalSwiftPackageReference section */
		260EEA39EBF040CB998A09F6 /* XCLocalSwiftPackageReference "Packages/VacuaClient" */ = {
			isa = XCLocalSwiftPackageReference;
			relativePath = Packages/VacuaClient;
		};
/* End XCLocalSwiftPackageReference section */

/* Begin XCSwiftPackageProductDependency section */
		A509C0281DB24060BC51BB89 /* VacuaClient */ = {
			isa = XCSwiftPackageProductDependency;
			package = 260EEA39EBF040CB998A09F6 /* XCLocalSwiftPackageReference "Packages/VacuaClient" */;
			productName = VacuaClient;
		};
		EE378C872213490D9D849406 /* VacuaClient */ = {
			isa = XCSwiftPackageProductDependency;
			package = 260EEA39EBF040CB998A09F6 /* XCLocalSwiftPackageReference "Packages/VacuaClient" */;
			productName = VacuaClient;
		};
/* End XCSwiftPackageProductDependency section */

	};
	rootObject = A0C63721F58C4AC397E5B016 /* Project object */;
}
