// !$*UTF8*$!
{
	archiveVersion = 1;
	classes = {
	};
	objectVersion = 77;
	objects = {

/* Begin PBXBuildFile section */
		595CCD01F54047FDB4FD760A /* VacuaApp.swift in Sources */ = {isa = PBXBuildFile; fileRef = AEF2C91A23E74012A55DB329 /* VacuaApp.swift */; };
		6218FFE79BFC4AB18C221503 /* AppModel.swift in Sources */ = {isa = PBXBuildFile; fileRef = DC7345A121054B6F8A6D6C44 /* AppModel.swift */; };
		683EBD4C63BD47D99C3EBFA8 /* DesignSystem.swift in Sources */ = {isa = PBXBuildFile; fileRef = FB1E41EFC7D2445D89013FB7 /* DesignSystem.swift */; };
		AE54367CB1F94CE58732DCB2 /* OverviewView.swift in Sources */ = {isa = PBXBuildFile; fileRef = 765A3136437A432D9711A312 /* OverviewView.swift */; };
		344E4A1428114F15AF03C683 /* CandidatesView.swift in Sources */ = {isa = PBXBuildFile; fileRef = 61A0068EEE6248C2AC55336C /* CandidatesView.swift */; };
		E08A4EE0FB3F4977B20E1DD2 /* CandidateDetailView.swift in Sources */ = {isa = PBXBuildFile; fileRef = 46A47D31166C46989F1C11DF /* CandidateDetailView.swift */; };
		1C4A19989F8B44D1909616C3 /* CleanupSimulationSheet.swift in Sources */ = {isa = PBXBuildFile; fileRef = 56221C2BABD447B987BFA95C /* CleanupSimulationSheet.swift */; };
		AAE35F991B8A434C8F17BBAA /* CleanupProposalSheet.swift in Sources */ = {isa = PBXBuildFile; fileRef = C1546E81B4A34D40A719F7DB /* CleanupProposalSheet.swift */; };
		271BE4EEBB184E9698A0F6B3 /* DuplicatesView.swift in Sources */ = {isa = PBXBuildFile; fileRef = 4E696AACE7F049F783544A66 /* DuplicatesView.swift */; };
		28FB5C9CE10D497DBAA00BB8 /* ApplicationsView.swift in Sources */ = {isa = PBXBuildFile; fileRef = C5C73BAD534C4E2FB41E180C /* ApplicationsView.swift */; };
		59C3F2F3E45E4964BBC91EC5 /* SnapshotsView.swift in Sources */ = {isa = PBXBuildFile; fileRef = 95D352C5CADE42E29C655B1A /* SnapshotsView.swift */; };
		364E58E4F0B5419BA0F2B39E /* SettingsView.swift in Sources */ = {isa = PBXBuildFile; fileRef = 7E0896C7506F450298658C1A /* SettingsView.swift */; };
		B07000010000000000000001 /* TreemapLayout.swift in Sources */ = {isa = PBXBuildFile; fileRef = F07000010000000000000001 /* TreemapLayout.swift */; };
		B07000010000000000000002 /* StorageMapModel.swift in Sources */ = {isa = PBXBuildFile; fileRef = F07000010000000000000002 /* StorageMapModel.swift */; };
		B07000010000000000000003 /* TreemapView.swift in Sources */ = {isa = PBXBuildFile; fileRef = F07000010000000000000003 /* TreemapView.swift */; };
		B07000010000000000000004 /* StorageNodeInspector.swift in Sources */ = {isa = PBXBuildFile; fileRef = F07000010000000000000004 /* StorageNodeInspector.swift */; };
		B07000010000000000000005 /* StorageMapToolbar.swift in Sources */ = {isa = PBXBuildFile; fileRef = F07000010000000000000005 /* StorageMapToolbar.swift */; };
		B07000010000000000000006 /* StorageMapView.swift in Sources */ = {isa = PBXBuildFile; fileRef = F07000010000000000000006 /* StorageMapView.swift */; };
		BEA0B64B6B8D401C9D512527 /* AppModelTests.swift in Sources */ = {isa = PBXBuildFile; fileRef = 827EFB99D6BF4A288788AA3B /* AppModelTests.swift */; };
		B07000010000000000000007 /* TreemapLayoutTests.swift in Sources */ = {isa = PBXBuildFile; fileRef = F07000010000000000000007 /* TreemapLayoutTests.swift */; };
		AD5F589D55A647DAA852971F /* VacuaUITests.swift in Sources */ = {isa = PBXBuildFile; fileRef = FC57CB01CD3E4C4A88DD4A1E /* VacuaUITests.swift */; };
		A3085AC3419849A2828E6676 /* VacuaClient in Frameworks */ = {isa = PBXBuildFile; productRef = 517FA2ED699C40AFA56E7435 /* VacuaClient */; };
		40F8BCDC4E924B85B64A8868 /* VacuaClient in Frameworks */ = {isa = PBXBuildFile; productRef = 63C602CE2C134A4DB2B50457 /* VacuaClient */; };
/* End PBXBuildFile section */

/* Begin PBXContainerItemProxy section */
		1138A658149143059131F8F5 /* PBXContainerItemProxy */ = {
			isa = PBXContainerItemProxy;
			containerPortal = A954D92CCE854E529AB8A179 /* Project object */;
			proxyType = 1;
			remoteGlobalIDString = 8E855D0C6A964EB893422CCC;
			remoteInfo = Vacua;
		};
		4DE84DA38F8946B9AAB8EE7A /* PBXContainerItemProxy */ = {
			isa = PBXContainerItemProxy;
			containerPortal = A954D92CCE854E529AB8A179 /* Project object */;
			proxyType = 1;
			remoteGlobalIDString = 8E855D0C6A964EB893422CCC;
			remoteInfo = Vacua;
		};
/* End PBXContainerItemProxy section */

/* Begin PBXFileReference section */
		B7CB1266C1184EB7BE660C63 /* Vacua.app */ = {isa = PBXFileReference; explicitFileType = wrapper.application; includeInIndex = 0; path = Vacua.app; sourceTree = BUILT_PRODUCTS_DIR; };
		B00E97C5DA854966926F13DC /* VacuaTests.xctest */ = {isa = PBXFileReference; explicitFileType = wrapper.cfbundle; includeInIndex = 0; path = VacuaTests.xctest; sourceTree = BUILT_PRODUCTS_DIR; };
		94738C51DD6A41A091090245 /* VacuaUITests.xctest */ = {isa = PBXFileReference; explicitFileType = wrapper.cfbundle; includeInIndex = 0; path = VacuaUITests.xctest; sourceTree = BUILT_PRODUCTS_DIR; };
		B1B6145A9F4A43F48835E329 /* Info.plist */ = {isa = PBXFileReference; lastKnownFileType = text.plist.xml; path = "Vacua/Resources/Info.plist"; sourceTree = "<group>"; };
		AEF2C91A23E74012A55DB329 /* VacuaApp.swift */ = {isa = PBXFileReference; lastKnownFileType = sourcecode.swift; path = "Vacua/App/VacuaApp.swift"; sourceTree = "<group>"; };
		DC7345A121054B6F8A6D6C44 /* AppModel.swift */ = {isa = PBXFileReference; lastKnownFileType = sourcecode.swift; path = "Vacua/App/AppModel.swift"; sourceTree = "<group>"; };
		FB1E41EFC7D2445D89013FB7 /* DesignSystem.swift */ = {isa = PBXFileReference; lastKnownFileType = sourcecode.swift; path = "Vacua/Common/DesignSystem.swift"; sourceTree = "<group>"; };
		765A3136437A432D9711A312 /* OverviewView.swift */ = {isa = PBXFileReference; lastKnownFileType = sourcecode.swift; path = "Vacua/Features/Overview/OverviewView.swift"; sourceTree = "<group>"; };
		61A0068EEE6248C2AC55336C /* CandidatesView.swift */ = {isa = PBXFileReference; lastKnownFileType = sourcecode.swift; path = "Vacua/Features/Candidates/CandidatesView.swift"; sourceTree = "<group>"; };
		46A47D31166C46989F1C11DF /* CandidateDetailView.swift */ = {isa = PBXFileReference; lastKnownFileType = sourcecode.swift; path = "Vacua/Features/Candidates/CandidateDetailView.swift"; sourceTree = "<group>"; };
		56221C2BABD447B987BFA95C /* CleanupSimulationSheet.swift */ = {isa = PBXFileReference; lastKnownFileType = sourcecode.swift; path = "Vacua/Features/Candidates/CleanupSimulationSheet.swift"; sourceTree = "<group>"; };
		C1546E81B4A34D40A719F7DB /* CleanupProposalSheet.swift */ = {isa = PBXFileReference; lastKnownFileType = sourcecode.swift; path = "Vacua/Features/Candidates/CleanupProposalSheet.swift"; sourceTree = "<group>"; };
		4E696AACE7F049F783544A66 /* DuplicatesView.swift */ = {isa = PBXFileReference; lastKnownFileType = sourcecode.swift; path = "Vacua/Features/Duplicates/DuplicatesView.swift"; sourceTree = "<group>"; };
		C5C73BAD534C4E2FB41E180C /* ApplicationsView.swift */ = {isa = PBXFileReference; lastKnownFileType = sourcecode.swift; path = "Vacua/Features/Applications/ApplicationsView.swift"; sourceTree = "<group>"; };
		95D352C5CADE42E29C655B1A /* SnapshotsView.swift */ = {isa = PBXFileReference; lastKnownFileType = sourcecode.swift; path = "Vacua/Features/Snapshots/SnapshotsView.swift"; sourceTree = "<group>"; };
		7E0896C7506F450298658C1A /* SettingsView.swift */ = {isa = PBXFileReference; lastKnownFileType = sourcecode.swift; path = "Vacua/Features/Settings/SettingsView.swift"; sourceTree = "<group>"; };
		F07000010000000000000001 /* TreemapLayout.swift */ = {isa = PBXFileReference; lastKnownFileType = sourcecode.swift; path = "Vacua/Features/StorageMap/TreemapLayout.swift"; sourceTree = "<group>"; };
		F07000010000000000000002 /* StorageMapModel.swift */ = {isa = PBXFileReference; lastKnownFileType = sourcecode.swift; path = "Vacua/Features/StorageMap/StorageMapModel.swift"; sourceTree = "<group>"; };
		F07000010000000000000003 /* TreemapView.swift */ = {isa = PBXFileReference; lastKnownFileType = sourcecode.swift; path = "Vacua/Features/StorageMap/TreemapView.swift"; sourceTree = "<group>"; };
		F07000010000000000000004 /* StorageNodeInspector.swift */ = {isa = PBXFileReference; lastKnownFileType = sourcecode.swift; path = "Vacua/Features/StorageMap/StorageNodeInspector.swift"; sourceTree = "<group>"; };
		F07000010000000000000005 /* StorageMapToolbar.swift */ = {isa = PBXFileReference; lastKnownFileType = sourcecode.swift; path = "Vacua/Features/StorageMap/StorageMapToolbar.swift"; sourceTree = "<group>"; };
		F07000010000000000000006 /* StorageMapView.swift */ = {isa = PBXFileReference; lastKnownFileType = sourcecode.swift; path = "Vacua/Features/StorageMap/StorageMapView.swift"; sourceTree = "<group>"; };
		827EFB99D6BF4A288788AA3B /* AppModelTests.swift */ = {isa = PBXFileReference; lastKnownFileType = sourcecode.swift; path = "VacuaTests/AppModelTests.swift"; sourceTree = "<group>"; };
		F07000010000000000000007 /* TreemapLayoutTests.swift */ = {isa = PBXFileReference; lastKnownFileType = sourcecode.swift; path = "VacuaTests/TreemapLayoutTests.swift"; sourceTree = "<group>"; };
		FC57CB01CD3E4C4A88DD4A1E /* VacuaUITests.swift */ = {isa = PBXFileReference; lastKnownFileType = sourcecode.swift; path = "VacuaUITests/VacuaUITests.swift"; sourceTree = "<group>"; };
/* End PBXFileReference section */

/* Begin PBXFrameworksBuildPhase section */
		E887007D8FBB49DA93636E02 /* Frameworks */ = {
			isa = PBXFrameworksBuildPhase;
			buildActionMask = 2147483647;
			files = (
				A3085AC3419849A2828E6676 /* VacuaClient in Frameworks */,
			);
			runOnlyForDeploymentPostprocessing = 0;
		};
		0E10C41316D847DDB2D22D13 /* Frameworks */ = {
			isa = PBXFrameworksBuildPhase;
			buildActionMask = 2147483647;
			files = (
				40F8BCDC4E924B85B64A8868 /* VacuaClient in Frameworks */,
			);
			runOnlyForDeploymentPostprocessing = 0;
		};
		695D2D40E6584A6A8885E25E /* Frameworks */ = {
			isa = PBXFrameworksBuildPhase;
			buildActionMask = 2147483647;
			files = (
			);
			runOnlyForDeploymentPostprocessing = 0;
		};
/* End PBXFrameworksBuildPhase section */

/* Begin PBXGroup section */
		622715C652E542F4AB48E841 = {
			isa = PBXGroup;
			children = (
				74BA288195484C668DC6F873 /* Vacua */,
				9DC1BA320C6547538CD12588 /* VacuaTests */,
				B993307F507B4048B605304C /* VacuaUITests */,
				9D3D71DC2CA04945951E7B29 /* Products */,
			);
			sourceTree = "<group>";
		};
		9D3D71DC2CA04945951E7B29 /* Products */ = {
			isa = PBXGroup;
			children = (
				B7CB1266C1184EB7BE660C63 /* Vacua.app */,
				B00E97C5DA854966926F13DC /* VacuaTests.xctest */,
				94738C51DD6A41A091090245 /* VacuaUITests.xctest */,
			);
			name = Products;
			sourceTree = "<group>";
		};
		74BA288195484C668DC6F873 /* Vacua */ = {
			isa = PBXGroup;
			children = (
				B1B6145A9F4A43F48835E329 /* Info.plist */,
				AEF2C91A23E74012A55DB329 /* VacuaApp.swift */,
				DC7345A121054B6F8A6D6C44 /* AppModel.swift */,
				FB1E41EFC7D2445D89013FB7 /* DesignSystem.swift */,
				765A3136437A432D9711A312 /* OverviewView.swift */,
				61A0068EEE6248C2AC55336C /* CandidatesView.swift */,
				46A47D31166C46989F1C11DF /* CandidateDetailView.swift */,
				56221C2BABD447B987BFA95C /* CleanupSimulationSheet.swift */,
				C1546E81B4A34D40A719F7DB /* CleanupProposalSheet.swift */,
				4E696AACE7F049F783544A66 /* DuplicatesView.swift */,
				C5C73BAD534C4E2FB41E180C /* ApplicationsView.swift */,
				95D352C5CADE42E29C655B1A /* SnapshotsView.swift */,
				7E0896C7506F450298658C1A /* SettingsView.swift */,
				F07000010000000000000001 /* TreemapLayout.swift */,
				F07000010000000000000002 /* StorageMapModel.swift */,
				F07000010000000000000003 /* TreemapView.swift */,
				F07000010000000000000004 /* StorageNodeInspector.swift */,
				F07000010000000000000005 /* StorageMapToolbar.swift */,
				F07000010000000000000006 /* StorageMapView.swift */,
			);
			name = Vacua;
			sourceTree = "<group>";
		};
		9DC1BA320C6547538CD12588 /* VacuaTests */ = {
			isa = PBXGroup;
			children = (
				827EFB99D6BF4A288788AA3B /* AppModelTests.swift */,
				F07000010000000000000007 /* TreemapLayoutTests.swift */,
			);
			name = VacuaTests;
			sourceTree = "<group>";
		};
		B993307F507B4048B605304C /* VacuaUITests */ = {
			isa = PBXGroup;
			children = (
				FC57CB01CD3E4C4A88DD4A1E /* VacuaUITests.swift */,
			);
			name = VacuaUITests;
			sourceTree = "<group>";
		};
/* End PBXGroup section */

/* Begin PBXNativeTarget section */
		8E855D0C6A964EB893422CCC /* Vacua */ = {
			isa = PBXNativeTarget;
			buildConfigurationList = DEE35D0AC5524B34A5ADDA0F /* Build configuration list for PBXNativeTarget "Vacua" */;
			buildPhases = (
				FC1FB16E172143149D024B33 /* Sources */,
				E887007D8FBB49DA93636E02 /* Frameworks */,
				ED1F8F87161F4EE0A67C9A7D /* Resources */,
			);
			buildRules = (
			);
			dependencies = (
			);
			name = Vacua;
			packageProductDependencies = (
				517FA2ED699C40AFA56E7435 /* VacuaClient */,
			);
			productName = Vacua;
			productReference = B7CB1266C1184EB7BE660C63 /* Vacua.app */;
			productType = "com.apple.product-type.application";
		};
		569041CDD23E4F05A1B18103 /* VacuaTests */ = {
			isa = PBXNativeTarget;
			buildConfigurationList = 314A106FF912470F9FAEECDA /* Build configuration list for PBXNativeTarget "VacuaTests" */;
			buildPhases = (
				12F667656301492384EE849B /* Sources */,
				0E10C41316D847DDB2D22D13 /* Frameworks */,
				436D0169718F40B88EFA8236 /* Resources */,
			);
			buildRules = (
			);
			dependencies = (
			);
			name = VacuaTests;
			packageProductDependencies = (
				63C602CE2C134A4DB2B50457 /* VacuaClient */,
			);
			productName = VacuaTests;
			productReference = B00E97C5DA854966926F13DC /* VacuaTests.xctest */;
			productType = "com.apple.product-type.bundle.unit-test";
		};
		477199BBCDC4493E82A89FE7 /* VacuaUITests */ = {
			isa = PBXNativeTarget;
			buildConfigurationList = D4AEB789B75D4C60B5413FC2 /* Build configuration list for PBXNativeTarget "VacuaUITests" */;
			buildPhases = (
				FDA2621398ED4876AC6DBC8E /* Sources */,
				695D2D40E6584A6A8885E25E /* Frameworks */,
				6F290CF814EA4754A83E7E32 /* Resources */,
			);
			buildRules = (
			);
			dependencies = (
			);
			name = VacuaUITests;
			productName = VacuaUITests;
			productReference = 94738C51DD6A41A091090245 /* VacuaUITests.xctest */;
			productType = "com.apple.product-type.bundle.ui-testing";
		};
/* End PBXNativeTarget section */

/* Begin PBXProject section */
		A954D92CCE854E529AB8A179 /* Project object */ = {
			isa = PBXProject;
			attributes = {
				BuildIndependentTargetsInParallel = 1;
				LastUpgradeCheck = 1600;
				TargetAttributes = {
					8E855D0C6A964EB893422CCC = {
						CreatedOnToolsVersion = 16.0;
					};
					569041CDD23E4F05A1B18103 = {
						CreatedOnToolsVersion = 16.0;
						TestTargetID = 8E855D0C6A964EB893422CCC;
					};
					477199BBCDC4493E82A89FE7 = {
						CreatedOnToolsVersion = 16.0;
						TestTargetID = 8E855D0C6A964EB893422CCC;
					};
				};
			};
			buildConfigurationList = 279CFC9BF98642A68DA8754F /* Build configuration list for PBXProject "Vacua" */;
			compatibilityVersion = "Xcode 14.0";
			developmentRegion = en;
			hasScannedForEncodings = 0;
			knownRegions = (
				en,
				Base,
			);
			mainGroup = 622715C652E542F4AB48E841;
			packageReferences = (
				B1092350193242BDA750E5A5 /* XCLocalSwiftPackageReference "Packages/VacuaClient" */,
			);
			productRefGroup = 9D3D71DC2CA04945951E7B29 /* Products */;
			projectDirPath = "";
			projectRoot = "";
			targets = (
				8E855D0C6A964EB893422CCC /* Vacua */,
				569041CDD23E4F05A1B18103 /* VacuaTests */,
				477199BBCDC4493E82A89FE7 /* VacuaUITests */,
			);
		};
/* End PBXProject section */

/* Begin PBXResourcesBuildPhase section */
		ED1F8F87161F4EE0A67C9A7D /* Resources */ = {
			isa = PBXResourcesBuildPhase;
			buildActionMask = 2147483647;
			files = (
			);
			runOnlyForDeploymentPostprocessing = 0;
		};
		436D0169718F40B88EFA8236 /* Resources */ = {
			isa = PBXResourcesBuildPhase;
			buildActionMask = 2147483647;
			files = (
			);
			runOnlyForDeploymentPostprocessing = 0;
		};
		6F290CF814EA4754A83E7E32 /* Resources */ = {
			isa = PBXResourcesBuildPhase;
			buildActionMask = 2147483647;
			files = (
			);
			runOnlyForDeploymentPostprocessing = 0;
		};
/* End PBXResourcesBuildPhase section */

/* Begin PBXSourcesBuildPhase section */
		FC1FB16E172143149D024B33 /* Sources */ = {
			isa = PBXSourcesBuildPhase;
			buildActionMask = 2147483647;
			files = (
				595CCD01F54047FDB4FD760A /* VacuaApp.swift in Sources */,
				6218FFE79BFC4AB18C221503 /* AppModel.swift in Sources */,
				683EBD4C63BD47D99C3EBFA8 /* DesignSystem.swift in Sources */,
				AE54367CB1F94CE58732DCB2 /* OverviewView.swift in Sources */,
				344E4A1428114F15AF03C683 /* CandidatesView.swift in Sources */,
				E08A4EE0FB3F4977B20E1DD2 /* CandidateDetailView.swift in Sources */,
				1C4A19989F8B44D1909616C3 /* CleanupSimulationSheet.swift in Sources */,
				AAE35F991B8A434C8F17BBAA /* CleanupProposalSheet.swift in Sources */,
				271BE4EEBB184E9698A0F6B3 /* DuplicatesView.swift in Sources */,
				28FB5C9CE10D497DBAA00BB8 /* ApplicationsView.swift in Sources */,
				59C3F2F3E45E4964BBC91EC5 /* SnapshotsView.swift in Sources */,
				364E58E4F0B5419BA0F2B39E /* SettingsView.swift in Sources */,
				B07000010000000000000001 /* TreemapLayout.swift in Sources */,
				B07000010000000000000002 /* StorageMapModel.swift in Sources */,
				B07000010000000000000003 /* TreemapView.swift in Sources */,
				B07000010000000000000004 /* StorageNodeInspector.swift in Sources */,
				B07000010000000000000005 /* StorageMapToolbar.swift in Sources */,
				B07000010000000000000006 /* StorageMapView.swift in Sources */,
			);
			runOnlyForDeploymentPostprocessing = 0;
		};
		12F667656301492384EE849B /* Sources */ = {
			isa = PBXSourcesBuildPhase;
			buildActionMask = 2147483647;
			files = (
				BEA0B64B6B8D401C9D512527 /* AppModelTests.swift in Sources */,
				B07000010000000000000007 /* TreemapLayoutTests.swift in Sources */,
			);
			runOnlyForDeploymentPostprocessing = 0;
		};
		FDA2621398ED4876AC6DBC8E /* Sources */ = {
			isa = PBXSourcesBuildPhase;
			buildActionMask = 2147483647;
			files = (
				AD5F589D55A647DAA852971F /* VacuaUITests.swift in Sources */,
			);
			runOnlyForDeploymentPostprocessing = 0;
		};
/* End PBXSourcesBuildPhase section */

/* Begin XCBuildConfiguration section */
		4F9CD7049183412FBA965F8A /* Debug */ = {
			isa = XCBuildConfiguration;
			buildSettings = {
				ALWAYS_SEARCH_USER_PATHS = NO;
				CLANG_ANALYZER_NONNULL = YES;
				CLANG_ENABLE_MODULES = YES;
				CLANG_ENABLE_OBJC_ARC = YES;
				CODE_SIGNING_ALLOWED = NO;
				CODE_SIGNING_REQUIRED = NO;
				COPY_PHASE_STRIP = NO;
				DEBUG_INFORMATION_FORMAT = dwarf;
				ENABLE_TESTABILITY = YES;
				GCC_DYNAMIC_NO_PIC = NO;
				GCC_OPTIMIZATION_LEVEL = 0;
				GCC_PREPROCESSOR_DEFINITIONS = (
					"DEBUG=1",
					"$(inherited)",
				);
				MACOSX_DEPLOYMENT_TARGET = 15.0;
				MTL_ENABLE_DEBUG_INFO = INCLUDE_SOURCE;
				ONLY_ACTIVE_ARCH = YES;
				SDKROOT = macosx;
				SWIFT_ACTIVE_COMPILATION_CONDITIONS = DEBUG;
				SWIFT_OPTIMIZATION_LEVEL = "-Onone";
				SWIFT_VERSION = 6.0;
			};
			name = Debug;
		};
		FC93DCFD43734C71B435E35A /* Release */ = {
			isa = XCBuildConfiguration;
			buildSettings = {
				ALWAYS_SEARCH_USER_PATHS = NO;
				CLANG_ANALYZER_NONNULL = YES;
				CLANG_ENABLE_MODULES = YES;
				CLANG_ENABLE_OBJC_ARC = YES;
				CODE_SIGNING_ALLOWED = NO;
				CODE_SIGNING_REQUIRED = NO;
				COPY_PHASE_STRIP = NO;
				DEBUG_INFORMATION_FORMAT = "dwarf-with-dsym";
				ENABLE_NS_ASSERTIONS = NO;
				GCC_OPTIMIZATION_LEVEL = s;
				MACOSX_DEPLOYMENT_TARGET = 15.0;
				MTL_ENABLE_DEBUG_INFO = NO;
				SDKROOT = macosx;
				SWIFT_COMPILATION_MODE = "wholemodule";
				SWIFT_OPTIMIZATION_LEVEL = "-O";
				SWIFT_VERSION = 6.0;
			};
			name = Release;
		};
		46F0C63783F74F9E9D0DDCA3 /* Debug */ = {
			isa = XCBuildConfiguration;
			buildSettings = {
				CODE_SIGN_STYLE = Manual;
				COMBINE_HIDPI_IMAGES = YES;
				CURRENT_PROJECT_VERSION = 1;
				ENABLE_HARDENED_RUNTIME = YES;
				GENERATE_INFOPLIST_FILE = NO;
				INFOPLIST_FILE = "Vacua/Resources/Info.plist";
				LD_RUNPATH_SEARCH_PATHS = (
					"$(inherited)",
					"@executable_path/../Frameworks",
				);
				MARKETING_VERSION = 0.7.0;
				PRODUCT_BUNDLE_IDENTIFIER = io.github.yuanweize.vacua;
				PRODUCT_NAME = "$(TARGET_NAME)";
				SWIFT_EMIT_LOC_STRINGS = YES;
				SWIFT_STRICT_CONCURRENCY = complete;
			};
			name = Debug;
		};
		D1FA5C7CE707477C9203718A /* Release */ = {
			isa = XCBuildConfiguration;
			buildSettings = {
				CODE_SIGN_STYLE = Manual;
				COMBINE_HIDPI_IMAGES = YES;
				CURRENT_PROJECT_VERSION = 1;
				ENABLE_HARDENED_RUNTIME = YES;
				GENERATE_INFOPLIST_FILE = NO;
				INFOPLIST_FILE = "Vacua/Resources/Info.plist";
				LD_RUNPATH_SEARCH_PATHS = (
					"$(inherited)",
					"@executable_path/../Frameworks",
				);
				MARKETING_VERSION = 0.7.0;
				PRODUCT_BUNDLE_IDENTIFIER = io.github.yuanweize.vacua;
				PRODUCT_NAME = "$(TARGET_NAME)";
				SWIFT_EMIT_LOC_STRINGS = YES;
				SWIFT_STRICT_CONCURRENCY = complete;
			};
			name = Release;
		};
		0DAD2728425E4A69B44127C7 /* Debug */ = {
			isa = XCBuildConfiguration;
			buildSettings = {
				BUNDLE_LOADER = "$(TEST_HOST)";
				CODE_SIGN_STYLE = Manual;
				CURRENT_PROJECT_VERSION = 1;
				GENERATE_INFOPLIST_FILE = YES;
				MARKETING_VERSION = 0.7.0;
				PRODUCT_BUNDLE_IDENTIFIER = io.github.yuanweize.vacua.VacuaTests;
				PRODUCT_NAME = "$(TARGET_NAME)";
				SWIFT_EMIT_LOC_STRINGS = NO;
				SWIFT_STRICT_CONCURRENCY = complete;
				TEST_HOST = "$(BUILT_PRODUCTS_DIR)/Vacua.app/Contents/MacOS/Vacua";
			};
			name = Debug;
		};
		B9FE54C1633744598EBB8B61 /* Release */ = {
			isa = XCBuildConfiguration;
			buildSettings = {
				BUNDLE_LOADER = "$(TEST_HOST)";
				CODE_SIGN_STYLE = Manual;
				CURRENT_PROJECT_VERSION = 1;
				GENERATE_INFOPLIST_FILE = YES;
				MARKETING_VERSION = 0.7.0;
				PRODUCT_BUNDLE_IDENTIFIER = io.github.yuanweize.vacua.VacuaTests;
				PRODUCT_NAME = "$(TARGET_NAME)";
				SWIFT_EMIT_LOC_STRINGS = NO;
				SWIFT_STRICT_CONCURRENCY = complete;
				TEST_HOST = "$(BUILT_PRODUCTS_DIR)/Vacua.app/Contents/MacOS/Vacua";
			};
			name = Release;
		};
		D9A36B3828D74D07BF421A1A /* Debug */ = {
			isa = XCBuildConfiguration;
			buildSettings = {
				CODE_SIGN_STYLE = Manual;
				CURRENT_PROJECT_VERSION = 1;
				GENERATE_INFOPLIST_FILE = YES;
				MARKETING_VERSION = 0.7.0;
				PRODUCT_BUNDLE_IDENTIFIER = io.github.yuanweize.vacua.VacuaUITests;
				PRODUCT_NAME = "$(TARGET_NAME)";
				SWIFT_EMIT_LOC_STRINGS = NO;
				SWIFT_STRICT_CONCURRENCY = complete;
				TEST_TARGET_NAME = Vacua;
			};
			name = Debug;
		};
		D1C6F8ABE3014FE5956D81FF /* Release */ = {
			isa = XCBuildConfiguration;
			buildSettings = {
				CODE_SIGN_STYLE = Manual;
				CURRENT_PROJECT_VERSION = 1;
				GENERATE_INFOPLIST_FILE = YES;
				MARKETING_VERSION = 0.7.0;
				PRODUCT_BUNDLE_IDENTIFIER = io.github.yuanweize.vacua.VacuaUITests;
				PRODUCT_NAME = "$(TARGET_NAME)";
				SWIFT_EMIT_LOC_STRINGS = NO;
				SWIFT_STRICT_CONCURRENCY = complete;
				TEST_TARGET_NAME = Vacua;
			};
			name = Release;
		};
/* End XCBuildConfiguration section */

/* Begin XCConfigurationList section */
		279CFC9BF98642A68DA8754F /* Build configuration list for PBXProject "Vacua" */ = {
			isa = XCConfigurationList;
			buildConfigurations = (
				4F9CD7049183412FBA965F8A /* Debug */,
				FC93DCFD43734C71B435E35A /* Release */,
			);
			defaultConfigurationIsVisible = 0;
			defaultConfigurationName = Release;
		};
		DEE35D0AC5524B34A5ADDA0F /* Build configuration list for PBXNativeTarget "Vacua" */ = {
			isa = XCConfigurationList;
			buildConfigurations = (
				46F0C63783F74F9E9D0DDCA3 /* Debug */,
				D1FA5C7CE707477C9203718A /* Release */,
			);
			defaultConfigurationIsVisible = 0;
			defaultConfigurationName = Release;
		};
		314A106FF912470F9FAEECDA /* Build configuration list for PBXNativeTarget "VacuaTests" */ = {
			isa = XCConfigurationList;
			buildConfigurations = (
				0DAD2728425E4A69B44127C7 /* Debug */,
				B9FE54C1633744598EBB8B61 /* Release */,
			);
			defaultConfigurationIsVisible = 0;
			defaultConfigurationName = Release;
		};
		D4AEB789B75D4C60B5413FC2 /* Build configuration list for PBXNativeTarget "VacuaUITests" */ = {
			isa = XCConfigurationList;
			buildConfigurations = (
				D9A36B3828D74D07BF421A1A /* Debug */,
				D1C6F8ABE3014FE5956D81FF /* Release */,
			);
			defaultConfigurationIsVisible = 0;
			defaultConfigurationName = Release;
		};
/* End XCConfigurationList section */

/* Begin XCLocalSwiftPackageReference section */
		B1092350193242BDA750E5A5 /* XCLocalSwiftPackageReference "Packages/VacuaClient" */ = {
			isa = XCLocalSwiftPackageReference;
			relativePath = Packages/VacuaClient;
		};
/* End XCLocalSwiftPackageReference section */

/* Begin XCSwiftPackageProductDependency section */
		517FA2ED699C40AFA56E7435 /* VacuaClient */ = {
			isa = XCSwiftPackageProductDependency;
			package = B1092350193242BDA750E5A5 /* XCLocalSwiftPackageReference "Packages/VacuaClient" */;
			productName = VacuaClient;
		};
		63C602CE2C134A4DB2B50457 /* VacuaClient */ = {
			isa = XCSwiftPackageProductDependency;
			package = B1092350193242BDA750E5A5 /* XCLocalSwiftPackageReference "Packages/VacuaClient" */;
			productName = VacuaClient;
		};
/* End XCSwiftPackageProductDependency section */

	};
	rootObject = A954D92CCE854E529AB8A179 /* Project object */;
}
